{
  "object": {
    "pins": [
      {
        "package": "HMV",
        "repositoryURL": "https://github.com/hepto/HMV",
        "state": {
          "branch": "master",
          "revision": "adbea9594eeb7eee034df108698c39e227f00a1b",
          "version": null
        }
      },
      {
        "package": "Grid",
        "repositoryURL": "https://github.com/spacenation/swiftui-grid",
        "state": {
          "branch": "master",
          "revision": "a3441f80bd01029507bc19e463e7c7208ffcf3f9",
          "version": null
        }
      }
    ]
  },
  "version": 1
}
