{
  "object": {
    "pins": [
      {
        "package": "HMV",
        "repositoryURL": "https://github.com/hepto/HMV",
        "state": {
          "branch": null,
          "revision": "db8aab94e82f53185628763f0e52e9cf5db8aaa8",
          "version": "0.12.0"
        }
      },
      {
        "package": "Kingfisher",
        "repositoryURL": "https://github.com/onevcat/Kingfisher",
        "state": {
          "branch": null,
          "revision": "349ed06467a6f8a4939bcb83db301542bc84eac9",
          "version": "5.13.4"
        }
      }
    ]
  },
  "version": 1
}
