{
  "object": {
    "pins": [
      {
        "package": "HMV",
        "repositoryURL": "https://github.com/hepto/HMV",
        "state": {
          "branch": "master",
          "revision": "b6d2b7539d43425541239bddb61c94460611ede6",
          "version": null
        }
      },
      {
        "package": "Kingfisher",
        "repositoryURL": "https://github.com/onevcat/Kingfisher",
        "state": {
          "branch": null,
          "revision": "44450a8f564d7c0165f736ba2250649ff8d3e556",
          "version": "6.3.0"
        }
      }
    ]
  },
  "version": 1
}
