// !$*UTF8*$!
{
	archiveVersion = 1;
	classes = {
	};
	objectVersion = 52;
	objects = {

/* Begin PBXBuildFile section */
		D221557C2481114A00A1F04A /* AppDelegate.swift in Sources */ = {isa = PBXBuildFile; fileRef = D221557B2481114A00A1F04A /* AppDelegate.swift */; };
		D221557E2481114A00A1F04A /* SceneDelegate.swift in Sources */ = {isa = PBXBuildFile; fileRef = D221557D2481114A00A1F04A /* SceneDelegate.swift */; };
		D22155822481114B00A1F04A /* Assets.xcassets in Resources */ = {isa = PBXBuildFile; fileRef = D22155812481114B00A1F04A /* Assets.xcassets */; };
		D22155852481114B00A1F04A /* Preview Assets.xcassets in Resources */ = {isa = PBXBuildFile; fileRef = D22155842481114B00A1F04A /* Preview Assets.xcassets */; };
		D22155882481114B00A1F04A /* LaunchScreen.storyboard in Resources */ = {isa = PBXBuildFile; fileRef = D22155862481114B00A1F04A /* LaunchScreen.storyboard */; };
		D23197C22492DACD00C09977 /* Constants.swift in Sources */ = {isa = PBXBuildFile; fileRef = D23197C12492DACD00C09977 /* Constants.swift */; };
		D23C398E248FD2DF00AD237E /* Welcome.swift in Sources */ = {isa = PBXBuildFile; fileRef = D23C398D248FD2DF00AD237E /* Welcome.swift */; };
		D2492587248117710011F409 /* AppState.swift in Sources */ = {isa = PBXBuildFile; fileRef = D2492586248117710011F409 /* AppState.swift */; };
		D249258F24811A650011F409 /* SearchHome.swift in Sources */ = {isa = PBXBuildFile; fileRef = D249258E24811A650011F409 /* SearchHome.swift */; };
		D2492597248142660011F409 /* SearchBar.swift in Sources */ = {isa = PBXBuildFile; fileRef = D2492596248142660011F409 /* SearchBar.swift */; };
		D2492599248143720011F409 /* SearchResults.swift in Sources */ = {isa = PBXBuildFile; fileRef = D2492598248143720011F409 /* SearchResults.swift */; };
		D249259B2481455A0011F409 /* IfLet.swift in Sources */ = {isa = PBXBuildFile; fileRef = D249259A2481455A0011F409 /* IfLet.swift */; };
		D249259E248145C20011F409 /* KingfisherSwiftUI in Frameworks */ = {isa = PBXBuildFile; productRef = D249259D248145C20011F409 /* KingfisherSwiftUI */; };
		D24925A224814AD60011F409 /* HMV in Frameworks */ = {isa = PBXBuildFile; productRef = D24925A124814AD60011F409 /* HMV */; };
		D24925A424814CB60011F409 /* RecordStore.swift in Sources */ = {isa = PBXBuildFile; fileRef = D24925A324814CB60011F409 /* RecordStore.swift */; };
		D24C80D124899D0C00EFACD8 /* Library.swift in Sources */ = {isa = PBXBuildFile; fileRef = D24C80D024899D0C00EFACD8 /* Library.swift */; };
		D27FB80E24868AF60014C05D /* Odesli.swift in Sources */ = {isa = PBXBuildFile; fileRef = D27FB80D24868AF60014C05D /* Odesli.swift */; };
		D27FB81024868B320014C05D /* Options.swift in Sources */ = {isa = PBXBuildFile; fileRef = D27FB80F24868B320014C05D /* Options.swift */; };
		D27FB812248693AF0014C05D /* Slot.swift in Sources */ = {isa = PBXBuildFile; fileRef = D27FB811248693AF0014C05D /* Slot.swift */; };
		D27FB8202486B46D0014C05D /* fa-brands.otf in Resources */ = {isa = PBXBuildFile; fileRef = D27FB81F2486B46D0014C05D /* fa-brands.otf */; };
		D2881748248BE81400EB47C2 /* SharedCollectionManager.swift in Sources */ = {isa = PBXBuildFile; fileRef = D2881747248BE81400EB47C2 /* SharedCollectionManager.swift */; };
		D288174A248BEABF00EB47C2 /* ShareSheet.swift in Sources */ = {isa = PBXBuildFile; fileRef = D2881749248BEABF00EB47C2 /* ShareSheet.swift */; };
		D288174D248BEDAA00EB47C2 /* ShareSheetLoader.swift in Sources */ = {isa = PBXBuildFile; fileRef = D288174C248BEDAA00EB47C2 /* ShareSheetLoader.swift */; };
		D28AD1B5248BACB2009B584A /* PlaybackLink.swift in Sources */ = {isa = PBXBuildFile; fileRef = D28AD1B4248BACB2009B584A /* PlaybackLink.swift */; };
		D28AD1B7248BB148009B584A /* PlaybackLinks.swift in Sources */ = {isa = PBXBuildFile; fileRef = D28AD1B6248BB148009B584A /* PlaybackLinks.swift */; };
		D28AD1B9248BB5D4009B584A /* AlbumDetail.swift in Sources */ = {isa = PBXBuildFile; fileRef = D28AD1B8248BB5D4009B584A /* AlbumDetail.swift */; };
		D2945E1C249C0FC100AE6CA5 /* Navigation.swift in Sources */ = {isa = PBXBuildFile; fileRef = D2945E1B249C0FC100AE6CA5 /* Navigation.swift */; };
		D2945E1E249C249C00AE6CA5 /* Settings.swift in Sources */ = {isa = PBXBuildFile; fileRef = D2945E1D249C249C00AE6CA5 /* Settings.swift */; };
		D29CB1C524A631EB0051BA96 /* CollectionReceived.swift in Sources */ = {isa = PBXBuildFile; fileRef = D29CB1C424A631EB0051BA96 /* CollectionReceived.swift */; };
		D29CB1C724A632520051BA96 /* FullOverlay.swift in Sources */ = {isa = PBXBuildFile; fileRef = D29CB1C624A632520051BA96 /* FullOverlay.swift */; };
		D2A449CC249BAECE006E0A12 /* LibraryOptions.swift in Sources */ = {isa = PBXBuildFile; fileRef = D2A449CB249BAECE006E0A12 /* LibraryOptions.swift */; };
		D2AB8467248113EB008B57F9 /* AppActions.swift in Sources */ = {isa = PBXBuildFile; fileRef = D2AB8466248113EB008B57F9 /* AppActions.swift */; };
		D2AB84692481148D008B57F9 /* AppAction.swift in Sources */ = {isa = PBXBuildFile; fileRef = D2AB84682481148D008B57F9 /* AppAction.swift */; };
		D2AB846B2481159D008B57F9 /* AppEnvironment.swift in Sources */ = {isa = PBXBuildFile; fileRef = D2AB846A2481159D008B57F9 /* AppEnvironment.swift */; };
		D2AC120B24859E2300C52D9E /* AddSourceCardButton.swift in Sources */ = {isa = PBXBuildFile; fileRef = D2AC120A24859E2300C52D9E /* AddSourceCardButton.swift */; };
		D2AC12102485A65D00C52D9E /* Collection.swift in Sources */ = {isa = PBXBuildFile; fileRef = D2AC120F2485A65D00C52D9E /* Collection.swift */; };
		D2AC12122485A67000C52D9E /* Search.swift in Sources */ = {isa = PBXBuildFile; fileRef = D2AC12112485A67000C52D9E /* Search.swift */; };
		D2B4FD91248456B20028D7A4 /* CollectionOptions.swift in Sources */ = {isa = PBXBuildFile; fileRef = D2B4FD90248456B20028D7A4 /* CollectionOptions.swift */; };
		D2B4FD95248458300028D7A4 /* Extensions.swift in Sources */ = {isa = PBXBuildFile; fileRef = D2B4FD94248458300028D7A4 /* Extensions.swift */; };
		D2C3A0A5249FFEFF00AA7266 /* Home.swift in Sources */ = {isa = PBXBuildFile; fileRef = D2C3A0A4249FFEFF00AA7266 /* Home.swift */; };
		D2C3A0A724A01ADE00AA7266 /* OnRotation.swift in Sources */ = {isa = PBXBuildFile; fileRef = D2C3A0A624A01ADE00AA7266 /* OnRotation.swift */; };
		D2C3A0A924A01AEF00AA7266 /* NavBar.swift in Sources */ = {isa = PBXBuildFile; fileRef = D2C3A0A824A01AEF00AA7266 /* NavBar.swift */; };
		D2C3A0AB24A0202100AA7266 /* CollectionLibrary.swift in Sources */ = {isa = PBXBuildFile; fileRef = D2C3A0AA24A0202100AA7266 /* CollectionLibrary.swift */; };
		D2C810EE24A4FF47003D9B59 /* CollectionSheet.swift in Sources */ = {isa = PBXBuildFile; fileRef = D2C810ED24A4FF47003D9B59 /* CollectionSheet.swift */; };
		D2D7858F248A910A00E0CC63 /* SourceCover.swift in Sources */ = {isa = PBXBuildFile; fileRef = D2D7858E248A910A00E0CC63 /* SourceCover.swift */; };
		D2D78591248AED2900E0CC63 /* AlternativePlaybackLinks.swift in Sources */ = {isa = PBXBuildFile; fileRef = D2D78590248AED2900E0CC63 /* AlternativePlaybackLinks.swift */; };
		D2D78593248AF2E900E0CC63 /* SourceCard.swift in Sources */ = {isa = PBXBuildFile; fileRef = D2D78592248AF2E900E0CC63 /* SourceCard.swift */; };
		D2DB0FCD24A7782B006A5835 /* RecordStore+Screenshots.swift in Sources */ = {isa = PBXBuildFile; fileRef = D2DB0FC924A7782B006A5835 /* RecordStore+Screenshots.swift */; };
		D2DB0FCE24A7782B006A5835 /* screenshotAlbums.json in Resources */ = {isa = PBXBuildFile; fileRef = D2DB0FCA24A7782B006A5835 /* screenshotAlbums.json */; };
		D2F0E220249A370A00EA3FA2 /* CollectionDetail.swift in Sources */ = {isa = PBXBuildFile; fileRef = D2F0E21F249A370A00EA3FA2 /* CollectionDetail.swift */; };
		D2F8D14C248A6451008C29C3 /* CollectionCard.swift in Sources */ = {isa = PBXBuildFile; fileRef = D2F8D14B248A6451008C29C3 /* CollectionCard.swift */; };
		D2F8D14E248A666C008C29C3 /* CardArtworkComposite.swift in Sources */ = {isa = PBXBuildFile; fileRef = D2F8D14D248A666C008C29C3 /* CardArtworkComposite.swift */; };
		D2F8D164248A7E2B008C29C3 /* TrackList.swift in Sources */ = {isa = PBXBuildFile; fileRef = D2F8D163248A7E2B008C29C3 /* TrackList.swift */; };
		D2F8D166248A7E42008C29C3 /* DiscTrackList.swift in Sources */ = {isa = PBXBuildFile; fileRef = D2F8D165248A7E42008C29C3 /* DiscTrackList.swift */; };
/* End PBXBuildFile section */

/* Begin PBXFileReference section */
		D22155782481114A00A1F04A /* Listen Later.app */ = {isa = PBXFileReference; explicitFileType = wrapper.application; includeInIndex = 0; path = "Listen Later.app"; sourceTree = BUILT_PRODUCTS_DIR; };
		D221557B2481114A00A1F04A /* AppDelegate.swift */ = {isa = PBXFileReference; lastKnownFileType = sourcecode.swift; path = AppDelegate.swift; sourceTree = "<group>"; };
		D221557D2481114A00A1F04A /* SceneDelegate.swift */ = {isa = PBXFileReference; lastKnownFileType = sourcecode.swift; path = SceneDelegate.swift; sourceTree = "<group>"; };
		D22155812481114B00A1F04A /* Assets.xcassets */ = {isa = PBXFileReference; lastKnownFileType = folder.assetcatalog; path = Assets.xcassets; sourceTree = "<group>"; };
		D22155842481114B00A1F04A /* Preview Assets.xcassets */ = {isa = PBXFileReference; lastKnownFileType = folder.assetcatalog; path = "Preview Assets.xcassets"; sourceTree = "<group>"; };
		D22155872481114B00A1F04A /* Base */ = {isa = PBXFileReference; lastKnownFileType = file.storyboard; name = Base; path = Base.lproj/LaunchScreen.storyboard; sourceTree = "<group>"; };
		D22155892481114B00A1F04A /* Info.plist */ = {isa = PBXFileReference; lastKnownFileType = text.plist.xml; path = Info.plist; sourceTree = "<group>"; };
		D23197C12492DACD00C09977 /* Constants.swift */ = {isa = PBXFileReference; lastKnownFileType = sourcecode.swift; path = Constants.swift; sourceTree = "<group>"; };
		D23C398D248FD2DF00AD237E /* Welcome.swift */ = {isa = PBXFileReference; lastKnownFileType = sourcecode.swift; path = Welcome.swift; sourceTree = "<group>"; };
		D2492586248117710011F409 /* AppState.swift */ = {isa = PBXFileReference; fileEncoding = 4; lastKnownFileType = sourcecode.swift; path = AppState.swift; sourceTree = "<group>"; };
		D249258E24811A650011F409 /* SearchHome.swift */ = {isa = PBXFileReference; lastKnownFileType = sourcecode.swift; path = SearchHome.swift; sourceTree = "<group>"; };
		D2492596248142660011F409 /* SearchBar.swift */ = {isa = PBXFileReference; lastKnownFileType = sourcecode.swift; path = SearchBar.swift; sourceTree = "<group>"; };
		D2492598248143720011F409 /* SearchResults.swift */ = {isa = PBXFileReference; lastKnownFileType = sourcecode.swift; path = SearchResults.swift; sourceTree = "<group>"; };
		D249259A2481455A0011F409 /* IfLet.swift */ = {isa = PBXFileReference; lastKnownFileType = sourcecode.swift; path = IfLet.swift; sourceTree = "<group>"; };
		D24925A324814CB60011F409 /* RecordStore.swift */ = {isa = PBXFileReference; lastKnownFileType = sourcecode.swift; path = RecordStore.swift; sourceTree = "<group>"; };
		D24C80D024899D0C00EFACD8 /* Library.swift */ = {isa = PBXFileReference; lastKnownFileType = sourcecode.swift; path = Library.swift; sourceTree = "<group>"; };
		D27FB80D24868AF60014C05D /* Odesli.swift */ = {isa = PBXFileReference; lastKnownFileType = sourcecode.swift; path = Odesli.swift; sourceTree = "<group>"; };
		D27FB80F24868B320014C05D /* Options.swift */ = {isa = PBXFileReference; lastKnownFileType = sourcecode.swift; path = Options.swift; sourceTree = "<group>"; };
		D27FB811248693AF0014C05D /* Slot.swift */ = {isa = PBXFileReference; lastKnownFileType = sourcecode.swift; path = Slot.swift; sourceTree = "<group>"; };
		D27FB81F2486B46D0014C05D /* fa-brands.otf */ = {isa = PBXFileReference; lastKnownFileType = file; path = "fa-brands.otf"; sourceTree = "<group>"; };
		D2881747248BE81400EB47C2 /* SharedCollectionManager.swift */ = {isa = PBXFileReference; lastKnownFileType = sourcecode.swift; path = SharedCollectionManager.swift; sourceTree = "<group>"; };
		D2881749248BEABF00EB47C2 /* ShareSheet.swift */ = {isa = PBXFileReference; lastKnownFileType = sourcecode.swift; path = ShareSheet.swift; sourceTree = "<group>"; };
		D288174C248BEDAA00EB47C2 /* ShareSheetLoader.swift */ = {isa = PBXFileReference; lastKnownFileType = sourcecode.swift; path = ShareSheetLoader.swift; sourceTree = "<group>"; };
		D288174E248D148E00EB47C2 /* Listen Later.entitlements */ = {isa = PBXFileReference; lastKnownFileType = text.plist.entitlements; path = "Listen Later.entitlements"; sourceTree = "<group>"; };
		D28AD1B4248BACB2009B584A /* PlaybackLink.swift */ = {isa = PBXFileReference; lastKnownFileType = sourcecode.swift; path = PlaybackLink.swift; sourceTree = "<group>"; };
		D28AD1B6248BB148009B584A /* PlaybackLinks.swift */ = {isa = PBXFileReference; lastKnownFileType = sourcecode.swift; path = PlaybackLinks.swift; sourceTree = "<group>"; };
		D28AD1B8248BB5D4009B584A /* AlbumDetail.swift */ = {isa = PBXFileReference; lastKnownFileType = sourcecode.swift; path = AlbumDetail.swift; sourceTree = "<group>"; };
		D2945E1B249C0FC100AE6CA5 /* Navigation.swift */ = {isa = PBXFileReference; lastKnownFileType = sourcecode.swift; path = Navigation.swift; sourceTree = "<group>"; };
		D2945E1D249C249C00AE6CA5 /* Settings.swift */ = {isa = PBXFileReference; lastKnownFileType = sourcecode.swift; path = Settings.swift; sourceTree = "<group>"; };
		D29CB1C424A631EB0051BA96 /* CollectionReceived.swift */ = {isa = PBXFileReference; lastKnownFileType = sourcecode.swift; path = CollectionReceived.swift; sourceTree = "<group>"; };
		D29CB1C624A632520051BA96 /* FullOverlay.swift */ = {isa = PBXFileReference; lastKnownFileType = sourcecode.swift; path = FullOverlay.swift; sourceTree = "<group>"; };
		D2A449CB249BAECE006E0A12 /* LibraryOptions.swift */ = {isa = PBXFileReference; lastKnownFileType = sourcecode.swift; path = LibraryOptions.swift; sourceTree = "<group>"; };
		D2AB8466248113EB008B57F9 /* AppActions.swift */ = {isa = PBXFileReference; lastKnownFileType = sourcecode.swift; path = AppActions.swift; sourceTree = "<group>"; };
		D2AB84682481148D008B57F9 /* AppAction.swift */ = {isa = PBXFileReference; lastKnownFileType = sourcecode.swift; path = AppAction.swift; sourceTree = "<group>"; };
		D2AB846A2481159D008B57F9 /* AppEnvironment.swift */ = {isa = PBXFileReference; lastKnownFileType = sourcecode.swift; path = AppEnvironment.swift; sourceTree = "<group>"; };
		D2AC120A24859E2300C52D9E /* AddSourceCardButton.swift */ = {isa = PBXFileReference; lastKnownFileType = sourcecode.swift; path = AddSourceCardButton.swift; sourceTree = "<group>"; };
		D2AC120E2485A20400C52D9E /* secrets.xcconfig */ = {isa = PBXFileReference; lastKnownFileType = text.xcconfig; path = secrets.xcconfig; sourceTree = "<group>"; };
		D2AC120F2485A65D00C52D9E /* Collection.swift */ = {isa = PBXFileReference; lastKnownFileType = sourcecode.swift; path = Collection.swift; sourceTree = "<group>"; };
		D2AC12112485A67000C52D9E /* Search.swift */ = {isa = PBXFileReference; lastKnownFileType = sourcecode.swift; path = Search.swift; sourceTree = "<group>"; };
		D2B4FD90248456B20028D7A4 /* CollectionOptions.swift */ = {isa = PBXFileReference; lastKnownFileType = sourcecode.swift; path = CollectionOptions.swift; sourceTree = "<group>"; };
		D2B4FD94248458300028D7A4 /* Extensions.swift */ = {isa = PBXFileReference; lastKnownFileType = sourcecode.swift; path = Extensions.swift; sourceTree = "<group>"; };
		D2C3A0A4249FFEFF00AA7266 /* Home.swift */ = {isa = PBXFileReference; lastKnownFileType = sourcecode.swift; path = Home.swift; sourceTree = "<group>"; };
		D2C3A0A624A01ADE00AA7266 /* OnRotation.swift */ = {isa = PBXFileReference; lastKnownFileType = sourcecode.swift; path = OnRotation.swift; sourceTree = "<group>"; };
		D2C3A0A824A01AEF00AA7266 /* NavBar.swift */ = {isa = PBXFileReference; lastKnownFileType = sourcecode.swift; path = NavBar.swift; sourceTree = "<group>"; };
		D2C3A0AA24A0202100AA7266 /* CollectionLibrary.swift */ = {isa = PBXFileReference; lastKnownFileType = sourcecode.swift; path = CollectionLibrary.swift; sourceTree = "<group>"; };
		D2C810ED24A4FF47003D9B59 /* CollectionSheet.swift */ = {isa = PBXFileReference; lastKnownFileType = sourcecode.swift; path = CollectionSheet.swift; sourceTree = "<group>"; };
		D2D7858E248A910A00E0CC63 /* SourceCover.swift */ = {isa = PBXFileReference; lastKnownFileType = sourcecode.swift; path = SourceCover.swift; sourceTree = "<group>"; };
		D2D78590248AED2900E0CC63 /* AlternativePlaybackLinks.swift */ = {isa = PBXFileReference; lastKnownFileType = sourcecode.swift; path = AlternativePlaybackLinks.swift; sourceTree = "<group>"; };
		D2D78592248AF2E900E0CC63 /* SourceCard.swift */ = {isa = PBXFileReference; lastKnownFileType = sourcecode.swift; path = SourceCard.swift; sourceTree = "<group>"; };
		D2DB0FC924A7782B006A5835 /* RecordStore+Screenshots.swift */ = {isa = PBXFileReference; fileEncoding = 4; lastKnownFileType = sourcecode.swift; path = "RecordStore+Screenshots.swift"; sourceTree = "<group>"; };
		D2DB0FCA24A7782B006A5835 /* screenshotAlbums.json */ = {isa = PBXFileReference; fileEncoding = 4; lastKnownFileType = text.json; path = screenshotAlbums.json; sourceTree = "<group>"; };
		D2F0E21F249A370A00EA3FA2 /* CollectionDetail.swift */ = {isa = PBXFileReference; lastKnownFileType = sourcecode.swift; path = CollectionDetail.swift; sourceTree = "<group>"; };
		D2F8D14B248A6451008C29C3 /* CollectionCard.swift */ = {isa = PBXFileReference; lastKnownFileType = sourcecode.swift; path = CollectionCard.swift; sourceTree = "<group>"; };
		D2F8D14D248A666C008C29C3 /* CardArtworkComposite.swift */ = {isa = PBXFileReference; lastKnownFileType = sourcecode.swift; path = CardArtworkComposite.swift; sourceTree = "<group>"; };
		D2F8D163248A7E2B008C29C3 /* TrackList.swift */ = {isa = PBXFileReference; lastKnownFileType = sourcecode.swift; path = TrackList.swift; sourceTree = "<group>"; };
		D2F8D165248A7E42008C29C3 /* DiscTrackList.swift */ = {isa = PBXFileReference; lastKnownFileType = sourcecode.swift; path = DiscTrackList.swift; sourceTree = "<group>"; };
/* End PBXFileReference section */

/* Begin PBXFrameworksBuildPhase section */
		D22155752481114A00A1F04A /* Frameworks */ = {
			isa = PBXFrameworksBuildPhase;
			buildActionMask = 2147483647;
			files = (
				D24925A224814AD60011F409 /* HMV in Frameworks */,
				D249259E248145C20011F409 /* KingfisherSwiftUI in Frameworks */,
			);
			runOnlyForDeploymentPostprocessing = 0;
		};
/* End PBXFrameworksBuildPhase section */

/* Begin PBXGroup section */
		D221556F2481114A00A1F04A = {
			isa = PBXGroup;
			children = (
				D221557A2481114A00A1F04A /* Jewel */,
				D22155792481114A00A1F04A /* Products */,
			);
			sourceTree = "<group>";
		};
		D22155792481114A00A1F04A /* Products */ = {
			isa = PBXGroup;
			children = (
				D22155782481114A00A1F04A /* Listen Later.app */,
			);
			name = Products;
			sourceTree = "<group>";
		};
		D221557A2481114A00A1F04A /* Jewel */ = {
			isa = PBXGroup;
			children = (
				D2AC120424859D1C00C52D9E /* App */,
				D249259F248146350011F409 /* State */,
				D24925922481409D0011F409 /* Actions */,
				D2AB846C2481168C008B57F9 /* Views */,
				D2AC120D2485A1B700C52D9E /* Services */,
				D2AC120524859D3800C52D9E /* Util */,
				D22155812481114B00A1F04A /* Assets.xcassets */,
				D27FB81E2486B4550014C05D /* Fonts */,
				D22155862481114B00A1F04A /* LaunchScreen.storyboard */,
				D22155832481114B00A1F04A /* Preview Content */,
			);
			path = Jewel;
			sourceTree = "<group>";
		};
		D22155832481114B00A1F04A /* Preview Content */ = {
			isa = PBXGroup;
			children = (
				D22155842481114B00A1F04A /* Preview Assets.xcassets */,
			);
			path = "Preview Content";
			sourceTree = "<group>";
		};
		D24925922481409D0011F409 /* Actions */ = {
			isa = PBXGroup;
			children = (
				D2AB84682481148D008B57F9 /* AppAction.swift */,
				D2AB8466248113EB008B57F9 /* AppActions.swift */,
			);
			path = Actions;
			sourceTree = "<group>";
		};
		D24925932481410F0011F409 /* Search */ = {
			isa = PBXGroup;
			children = (
				D249258E24811A650011F409 /* SearchHome.swift */,
				D2492596248142660011F409 /* SearchBar.swift */,
				D2492598248143720011F409 /* SearchResults.swift */,
			);
			path = Search;
			sourceTree = "<group>";
		};
		D249259F248146350011F409 /* State */ = {
			isa = PBXGroup;
			children = (
				D2492586248117710011F409 /* AppState.swift */,
				D2945E1B249C0FC100AE6CA5 /* Navigation.swift */,
				D27FB80F24868B320014C05D /* Options.swift */,
				D24C80D024899D0C00EFACD8 /* Library.swift */,
				D2AC12112485A67000C52D9E /* Search.swift */,
				D2AC120F2485A65D00C52D9E /* Collection.swift */,
				D27FB811248693AF0014C05D /* Slot.swift */,
			);
			path = State;
			sourceTree = "<group>";
		};
		D27FB81E2486B4550014C05D /* Fonts */ = {
			isa = PBXGroup;
			children = (
				D27FB81F2486B46D0014C05D /* fa-brands.otf */,
			);
			path = Fonts;
			sourceTree = "<group>";
		};
		D288174B248BEB0C00EB47C2 /* Sharing */ = {
			isa = PBXGroup;
			children = (
				D288174C248BEDAA00EB47C2 /* ShareSheetLoader.swift */,
				D2881749248BEABF00EB47C2 /* ShareSheet.swift */,
			);
			path = Sharing;
			sourceTree = "<group>";
		};
		D2AB846C2481168C008B57F9 /* Views */ = {
			isa = PBXGroup;
			children = (
				D2C3A0A4249FFEFF00AA7266 /* Home.swift */,
				D23C398D248FD2DF00AD237E /* Welcome.swift */,
				D29CB1C424A631EB0051BA96 /* CollectionReceived.swift */,
				D2C3A0A824A01AEF00AA7266 /* NavBar.swift */,
				D2C3A0A624A01ADE00AA7266 /* OnRotation.swift */,
				D2C3A0AA24A0202100AA7266 /* CollectionLibrary.swift */,
				D2C810ED24A4FF47003D9B59 /* CollectionSheet.swift */,
				D288174B248BEB0C00EB47C2 /* Sharing */,
				D2B4FD8F248456940028D7A4 /* Options */,
				D24925932481410F0011F409 /* Search */,
				D2F8D162248A7E1A008C29C3 /* Components */,
			);
			path = Views;
			sourceTree = "<group>";
		};
		D2AC120424859D1C00C52D9E /* App */ = {
			isa = PBXGroup;
			children = (
				D22155892481114B00A1F04A /* Info.plist */,
				D221557B2481114A00A1F04A /* AppDelegate.swift */,
				D221557D2481114A00A1F04A /* SceneDelegate.swift */,
				D2AB846A2481159D008B57F9 /* AppEnvironment.swift */,
				D288174E248D148E00EB47C2 /* Listen Later.entitlements */,
				D2AC120E2485A20400C52D9E /* secrets.xcconfig */,
			);
			path = App;
			sourceTree = "<group>";
		};
		D2AC120524859D3800C52D9E /* Util */ = {
			isa = PBXGroup;
			children = (
				D2DB0FB824A777D8006A5835 /* Screenshots */,
				D23197C12492DACD00C09977 /* Constants.swift */,
				D2B4FD94248458300028D7A4 /* Extensions.swift */,
			);
			path = Util;
			sourceTree = "<group>";
		};
		D2AC120D2485A1B700C52D9E /* Services */ = {
			isa = PBXGroup;
			children = (
				D2881747248BE81400EB47C2 /* SharedCollectionManager.swift */,
				D24925A324814CB60011F409 /* RecordStore.swift */,
				D27FB80D24868AF60014C05D /* Odesli.swift */,
			);
			path = Services;
			sourceTree = "<group>";
		};
		D2B4FD8F248456940028D7A4 /* Options */ = {
			isa = PBXGroup;
			children = (
				D2945E1D249C249C00AE6CA5 /* Settings.swift */,
				D2B4FD90248456B20028D7A4 /* CollectionOptions.swift */,
				D2A449CB249BAECE006E0A12 /* LibraryOptions.swift */,
			);
			path = Options;
			sourceTree = "<group>";
		};
		D2DB0FB824A777D8006A5835 /* Screenshots */ = {
			isa = PBXGroup;
			children = (
				D2DB0FC924A7782B006A5835 /* RecordStore+Screenshots.swift */,
				D2DB0FCA24A7782B006A5835 /* screenshotAlbums.json */,
			);
			path = Screenshots;
			sourceTree = "<group>";
		};
		D2F8D162248A7E1A008C29C3 /* Components */ = {
			isa = PBXGroup;
			children = (
				D249259A2481455A0011F409 /* IfLet.swift */,
				D29CB1C624A632520051BA96 /* FullOverlay.swift */,
				D2AC120A24859E2300C52D9E /* AddSourceCardButton.swift */,
				D2D78592248AF2E900E0CC63 /* SourceCard.swift */,
				D2F8D14B248A6451008C29C3 /* CollectionCard.swift */,
				D2F8D14D248A666C008C29C3 /* CardArtworkComposite.swift */,
				D2F0E21F249A370A00EA3FA2 /* CollectionDetail.swift */,
				D28AD1B8248BB5D4009B584A /* AlbumDetail.swift */,
				D2D7858E248A910A00E0CC63 /* SourceCover.swift */,
				D28AD1B6248BB148009B584A /* PlaybackLinks.swift */,
				D28AD1B4248BACB2009B584A /* PlaybackLink.swift */,
				D2D78590248AED2900E0CC63 /* AlternativePlaybackLinks.swift */,
				D2F8D163248A7E2B008C29C3 /* TrackList.swift */,
				D2F8D165248A7E42008C29C3 /* DiscTrackList.swift */,
			);
			path = Components;
			sourceTree = "<group>";
		};
/* End PBXGroup section */

/* Begin PBXNativeTarget section */
		D22155772481114A00A1F04A /* Listen Later */ = {
			isa = PBXNativeTarget;
			buildConfigurationList = D221558C2481114B00A1F04A /* Build configuration list for PBXNativeTarget "Listen Later" */;
			buildPhases = (
				D22155742481114A00A1F04A /* Sources */,
				D22155752481114A00A1F04A /* Frameworks */,
				D22155762481114A00A1F04A /* Resources */,
			);
			buildRules = (
			);
			dependencies = (
			);
			name = "Listen Later";
			packageProductDependencies = (
				D249259D248145C20011F409 /* KingfisherSwiftUI */,
				D24925A124814AD60011F409 /* HMV */,
			);
			productName = Jewel;
			productReference = D22155782481114A00A1F04A /* Listen Later.app */;
			productType = "com.apple.product-type.application";
		};
/* End PBXNativeTarget section */

/* Begin PBXProject section */
		D22155702481114A00A1F04A /* Project object */ = {
			isa = PBXProject;
			attributes = {
				LastSwiftUpdateCheck = 1150;
				LastUpgradeCheck = 1150;
				ORGANIZATIONNAME = "Breakbeat Ltd.";
				TargetAttributes = {
					D22155772481114A00A1F04A = {
						CreatedOnToolsVersion = 11.5;
					};
				};
			};
			buildConfigurationList = D22155732481114A00A1F04A /* Build configuration list for PBXProject "Jewel" */;
			compatibilityVersion = "Xcode 9.3";
			developmentRegion = en;
			hasScannedForEncodings = 0;
			knownRegions = (
				en,
				Base,
			);
			mainGroup = D221556F2481114A00A1F04A;
			packageReferences = (
				D249259C248145C20011F409 /* XCRemoteSwiftPackageReference "Kingfisher" */,
				D24925A024814AD60011F409 /* XCRemoteSwiftPackageReference "HMV" */,
			);
			productRefGroup = D22155792481114A00A1F04A /* Products */;
			projectDirPath = "";
			projectRoot = "";
			targets = (
				D22155772481114A00A1F04A /* Listen Later */,
			);
		};
/* End PBXProject section */

/* Begin PBXResourcesBuildPhase section */
		D22155762481114A00A1F04A /* Resources */ = {
			isa = PBXResourcesBuildPhase;
			buildActionMask = 2147483647;
			files = (
				D2DB0FCE24A7782B006A5835 /* screenshotAlbums.json in Resources */,
				D22155882481114B00A1F04A /* LaunchScreen.storyboard in Resources */,
				D22155852481114B00A1F04A /* Preview Assets.xcassets in Resources */,
				D27FB8202486B46D0014C05D /* fa-brands.otf in Resources */,
				D22155822481114B00A1F04A /* Assets.xcassets in Resources */,
			);
			runOnlyForDeploymentPostprocessing = 0;
		};
/* End PBXResourcesBuildPhase section */

/* Begin PBXSourcesBuildPhase section */
		D22155742481114A00A1F04A /* Sources */ = {
			isa = PBXSourcesBuildPhase;
			buildActionMask = 2147483647;
			files = (
				D2492597248142660011F409 /* SearchBar.swift in Sources */,
				D249259B2481455A0011F409 /* IfLet.swift in Sources */,
				D27FB812248693AF0014C05D /* Slot.swift in Sources */,
				D27FB80E24868AF60014C05D /* Odesli.swift in Sources */,
				D28AD1B9248BB5D4009B584A /* AlbumDetail.swift in Sources */,
				D221557C2481114A00A1F04A /* AppDelegate.swift in Sources */,
				D2945E1E249C249C00AE6CA5 /* Settings.swift in Sources */,
				D288174D248BEDAA00EB47C2 /* ShareSheetLoader.swift in Sources */,
				D2AC12122485A67000C52D9E /* Search.swift in Sources */,
				D2492587248117710011F409 /* AppState.swift in Sources */,
				D2D78591248AED2900E0CC63 /* AlternativePlaybackLinks.swift in Sources */,
				D221557E2481114A00A1F04A /* SceneDelegate.swift in Sources */,
				D29CB1C724A632520051BA96 /* FullOverlay.swift in Sources */,
				D23197C22492DACD00C09977 /* Constants.swift in Sources */,
				D2C810EE24A4FF47003D9B59 /* CollectionSheet.swift in Sources */,
				D2C3A0AB24A0202100AA7266 /* CollectionLibrary.swift in Sources */,
				D2D78593248AF2E900E0CC63 /* SourceCard.swift in Sources */,
				D2492599248143720011F409 /* SearchResults.swift in Sources */,
				D249258F24811A650011F409 /* SearchHome.swift in Sources */,
				D2F8D14C248A6451008C29C3 /* CollectionCard.swift in Sources */,
				D28AD1B7248BB148009B584A /* PlaybackLinks.swift in Sources */,
				D2F0E220249A370A00EA3FA2 /* CollectionDetail.swift in Sources */,
				D24C80D124899D0C00EFACD8 /* Library.swift in Sources */,
				D2AB846B2481159D008B57F9 /* AppEnvironment.swift in Sources */,
				D2C3A0A724A01ADE00AA7266 /* OnRotation.swift in Sources */,
				D2A449CC249BAECE006E0A12 /* LibraryOptions.swift in Sources */,
				D2AC12102485A65D00C52D9E /* Collection.swift in Sources */,
				D2B4FD95248458300028D7A4 /* Extensions.swift in Sources */,
				D2B4FD91248456B20028D7A4 /* CollectionOptions.swift in Sources */,
				D2F8D164248A7E2B008C29C3 /* TrackList.swift in Sources */,
				D2D7858F248A910A00E0CC63 /* SourceCover.swift in Sources */,
				D2C3A0A924A01AEF00AA7266 /* NavBar.swift in Sources */,
				D23C398E248FD2DF00AD237E /* Welcome.swift in Sources */,
				D2AC120B24859E2300C52D9E /* AddSourceCardButton.swift in Sources */,
				D2C3A0A5249FFEFF00AA7266 /* Home.swift in Sources */,
				D28AD1B5248BACB2009B584A /* PlaybackLink.swift in Sources */,
				D288174A248BEABF00EB47C2 /* ShareSheet.swift in Sources */,
				D2AB8467248113EB008B57F9 /* AppActions.swift in Sources */,
				D29CB1C524A631EB0051BA96 /* CollectionReceived.swift in Sources */,
				D2881748248BE81400EB47C2 /* SharedCollectionManager.swift in Sources */,
				D2F8D166248A7E42008C29C3 /* DiscTrackList.swift in Sources */,
				D2DB0FCD24A7782B006A5835 /* RecordStore+Screenshots.swift in Sources */,
				D2AB84692481148D008B57F9 /* AppAction.swift in Sources */,
				D2F8D14E248A666C008C29C3 /* CardArtworkComposite.swift in Sources */,
				D2945E1C249C0FC100AE6CA5 /* Navigation.swift in Sources */,
				D24925A424814CB60011F409 /* RecordStore.swift in Sources */,
				D27FB81024868B320014C05D /* Options.swift in Sources */,
			);
			runOnlyForDeploymentPostprocessing = 0;
		};
/* End PBXSourcesBuildPhase section */

/* Begin PBXVariantGroup section */
		D22155862481114B00A1F04A /* LaunchScreen.storyboard */ = {
			isa = PBXVariantGroup;
			children = (
				D22155872481114B00A1F04A /* Base */,
			);
			name = LaunchScreen.storyboard;
			sourceTree = "<group>";
		};
/* End PBXVariantGroup section */

/* Begin XCBuildConfiguration section */
		D221558A2481114B00A1F04A /* Debug */ = {
			isa = XCBuildConfiguration;
			baseConfigurationReference = D2AC120E2485A20400C52D9E /* secrets.xcconfig */;
			buildSettings = {
				ALWAYS_SEARCH_USER_PATHS = NO;
				CLANG_ANALYZER_NONNULL = YES;
				CLANG_ANALYZER_NUMBER_OBJECT_CONVERSION = YES_AGGRESSIVE;
				CLANG_CXX_LANGUAGE_STANDARD = "gnu++14";
				CLANG_CXX_LIBRARY = "libc++";
				CLANG_ENABLE_MODULES = YES;
				CLANG_ENABLE_OBJC_ARC = YES;
				CLANG_ENABLE_OBJC_WEAK = YES;
				CLANG_WARN_BLOCK_CAPTURE_AUTORELEASING = YES;
				CLANG_WARN_BOOL_CONVERSION = YES;
				CLANG_WARN_COMMA = YES;
				CLANG_WARN_CONSTANT_CONVERSION = YES;
				CLANG_WARN_DEPRECATED_OBJC_IMPLEMENTATIONS = YES;
				CLANG_WARN_DIRECT_OBJC_ISA_USAGE = YES_ERROR;
				CLANG_WARN_DOCUMENTATION_COMMENTS = YES;
				CLANG_WARN_EMPTY_BODY = YES;
				CLANG_WARN_ENUM_CONVERSION = YES;
				CLANG_WARN_INFINITE_RECURSION = YES;
				CLANG_WARN_INT_CONVERSION = YES;
				CLANG_WARN_NON_LITERAL_NULL_CONVERSION = YES;
				CLANG_WARN_OBJC_IMPLICIT_RETAIN_SELF = YES;
				CLANG_WARN_OBJC_LITERAL_CONVERSION = YES;
				CLANG_WARN_OBJC_ROOT_CLASS = YES_ERROR;
				CLANG_WARN_RANGE_LOOP_ANALYSIS = YES;
				CLANG_WARN_STRICT_PROTOTYPES = YES;
				CLANG_WARN_SUSPICIOUS_MOVE = YES;
				CLANG_WARN_UNGUARDED_AVAILABILITY = YES_AGGRESSIVE;
				CLANG_WARN_UNREACHABLE_CODE = YES;
				CLANG_WARN__DUPLICATE_METHOD_MATCH = YES;
				COPY_PHASE_STRIP = NO;
				DEBUG_INFORMATION_FORMAT = dwarf;
				ENABLE_STRICT_OBJC_MSGSEND = YES;
				ENABLE_TESTABILITY = YES;
				GCC_C_LANGUAGE_STANDARD = gnu11;
				GCC_DYNAMIC_NO_PIC = NO;
				GCC_NO_COMMON_BLOCKS = YES;
				GCC_OPTIMIZATION_LEVEL = 0;
				GCC_PREPROCESSOR_DEFINITIONS = (
					"DEBUG=1",
					"$(inherited)",
				);
				GCC_WARN_64_TO_32_BIT_CONVERSION = YES;
				GCC_WARN_ABOUT_RETURN_TYPE = YES_ERROR;
				GCC_WARN_UNDECLARED_SELECTOR = YES;
				GCC_WARN_UNINITIALIZED_AUTOS = YES_AGGRESSIVE;
				GCC_WARN_UNUSED_FUNCTION = YES;
				GCC_WARN_UNUSED_VARIABLE = YES;
				IPHONEOS_DEPLOYMENT_TARGET = 13.5;
				MTL_ENABLE_DEBUG_INFO = INCLUDE_SOURCE;
				MTL_FAST_MATH = YES;
				ONLY_ACTIVE_ARCH = YES;
				SDKROOT = iphoneos;
				SWIFT_ACTIVE_COMPILATION_CONDITIONS = DEBUG;
				SWIFT_OPTIMIZATION_LEVEL = "-Onone";
			};
			name = Debug;
		};
		D221558B2481114B00A1F04A /* Release */ = {
			isa = XCBuildConfiguration;
			baseConfigurationReference = D2AC120E2485A20400C52D9E /* secrets.xcconfig */;
			buildSettings = {
				ALWAYS_SEARCH_USER_PATHS = NO;
				CLANG_ANALYZER_NONNULL = YES;
				CLANG_ANALYZER_NUMBER_OBJECT_CONVERSION = YES_AGGRESSIVE;
				CLANG_CXX_LANGUAGE_STANDARD = "gnu++14";
				CLANG_CXX_LIBRARY = "libc++";
				CLANG_ENABLE_MODULES = YES;
				CLANG_ENABLE_OBJC_ARC = YES;
				CLANG_ENABLE_OBJC_WEAK = YES;
				CLANG_WARN_BLOCK_CAPTURE_AUTORELEASING = YES;
				CLANG_WARN_BOOL_CONVERSION = YES;
				CLANG_WARN_COMMA = YES;
				CLANG_WARN_CONSTANT_CONVERSION = YES;
				CLANG_WARN_DEPRECATED_OBJC_IMPLEMENTATIONS = YES;
				CLANG_WARN_DIRECT_OBJC_ISA_USAGE = YES_ERROR;
				CLANG_WARN_DOCUMENTATION_COMMENTS = YES;
				CLANG_WARN_EMPTY_BODY = YES;
				CLANG_WARN_ENUM_CONVERSION = YES;
				CLANG_WARN_INFINITE_RECURSION = YES;
				CLANG_WARN_INT_CONVERSION = YES;
				CLANG_WARN_NON_LITERAL_NULL_CONVERSION = YES;
				CLANG_WARN_OBJC_IMPLICIT_RETAIN_SELF = YES;
				CLANG_WARN_OBJC_LITERAL_CONVERSION = YES;
				CLANG_WARN_OBJC_ROOT_CLASS = YES_ERROR;
				CLANG_WARN_RANGE_LOOP_ANALYSIS = YES;
				CLANG_WARN_STRICT_PROTOTYPES = YES;
				CLANG_WARN_SUSPICIOUS_MOVE = YES;
				CLANG_WARN_UNGUARDED_AVAILABILITY = YES_AGGRESSIVE;
				CLANG_WARN_UNREACHABLE_CODE = YES;
				CLANG_WARN__DUPLICATE_METHOD_MATCH = YES;
				COPY_PHASE_STRIP = NO;
				DEBUG_INFORMATION_FORMAT = "dwarf-with-dsym";
				ENABLE_NS_ASSERTIONS = NO;
				ENABLE_STRICT_OBJC_MSGSEND = YES;
				GCC_C_LANGUAGE_STANDARD = gnu11;
				GCC_NO_COMMON_BLOCKS = YES;
				GCC_WARN_64_TO_32_BIT_CONVERSION = YES;
				GCC_WARN_ABOUT_RETURN_TYPE = YES_ERROR;
				GCC_WARN_UNDECLARED_SELECTOR = YES;
				GCC_WARN_UNINITIALIZED_AUTOS = YES_AGGRESSIVE;
				GCC_WARN_UNUSED_FUNCTION = YES;
				GCC_WARN_UNUSED_VARIABLE = YES;
				IPHONEOS_DEPLOYMENT_TARGET = 13.5;
				MTL_ENABLE_DEBUG_INFO = NO;
				MTL_FAST_MATH = YES;
				SDKROOT = iphoneos;
				SWIFT_COMPILATION_MODE = wholemodule;
				SWIFT_OPTIMIZATION_LEVEL = "-O";
				VALIDATE_PRODUCT = YES;
			};
			name = Release;
		};
		D221558D2481114B00A1F04A /* Debug */ = {
			isa = XCBuildConfiguration;
			buildSettings = {
				ASSETCATALOG_COMPILER_APPICON_NAME = AppIcon;
				CODE_SIGN_ENTITLEMENTS = "Jewel/App/Listen Later.entitlements";
				CODE_SIGN_STYLE = Automatic;
				CURRENT_PROJECT_VERSION = 10;
				DEVELOPMENT_ASSET_PATHS = "\"Jewel/Preview Content\"";
				DEVELOPMENT_TEAM = 3Z89R2M235;
				ENABLE_PREVIEWS = YES;
				INFOPLIST_FILE = Jewel/App/Info.plist;
				IPHONEOS_DEPLOYMENT_TARGET = 13.0;
				LD_RUNPATH_SEARCH_PATHS = (
					"$(inherited)",
					"@executable_path/Frameworks",
				);
				MARKETING_VERSION = 1.5;
				PRODUCT_BUNDLE_IDENTIFIER = io.breakbeat.Jewel;
				PRODUCT_NAME = "$(TARGET_NAME)";
				SWIFT_VERSION = 5.0;
				TARGETED_DEVICE_FAMILY = "1,2";
			};
			name = Debug;
		};
		D221558E2481114B00A1F04A /* Release */ = {
			isa = XCBuildConfiguration;
			buildSettings = {
				ASSETCATALOG_COMPILER_APPICON_NAME = AppIcon;
				CODE_SIGN_ENTITLEMENTS = "Jewel/App/Listen Later.entitlements";
				CODE_SIGN_STYLE = Automatic;
				CURRENT_PROJECT_VERSION = 10;
				DEVELOPMENT_ASSET_PATHS = "\"Jewel/Preview Content\"";
				DEVELOPMENT_TEAM = 3Z89R2M235;
				ENABLE_PREVIEWS = YES;
				INFOPLIST_FILE = Jewel/App/Info.plist;
				IPHONEOS_DEPLOYMENT_TARGET = 13.0;
				LD_RUNPATH_SEARCH_PATHS = (
					"$(inherited)",
					"@executable_path/Frameworks",
				);
				MARKETING_VERSION = 1.5;
				PRODUCT_BUNDLE_IDENTIFIER = io.breakbeat.Jewel;
				PRODUCT_NAME = "$(TARGET_NAME)";
				SWIFT_VERSION = 5.0;
				TARGETED_DEVICE_FAMILY = "1,2";
			};
			name = Release;
		};
/* End XCBuildConfiguration section */

/* Begin XCConfigurationList section */
		D22155732481114A00A1F04A /* Build configuration list for PBXProject "Jewel" */ = {
			isa = XCConfigurationList;
			buildConfigurations = (
				D221558A2481114B00A1F04A /* Debug */,
				D221558B2481114B00A1F04A /* Release */,
			);
			defaultConfigurationIsVisible = 0;
			defaultConfigurationName = Release;
		};
		D221558C2481114B00A1F04A /* Build configuration list for PBXNativeTarget "Listen Later" */ = {
			isa = XCConfigurationList;
			buildConfigurations = (
				D221558D2481114B00A1F04A /* Debug */,
				D221558E2481114B00A1F04A /* Release */,
			);
			defaultConfigurationIsVisible = 0;
			defaultConfigurationName = Release;
		};
/* End XCConfigurationList section */

/* Begin XCRemoteSwiftPackageReference section */
		D249259C248145C20011F409 /* XCRemoteSwiftPackageReference "Kingfisher" */ = {
			isa = XCRemoteSwiftPackageReference;
			repositoryURL = "https://github.com/onevcat/Kingfisher";
			requirement = {
				kind = upToNextMajorVersion;
				minimumVersion = 5.14.0;
			};
		};
		D24925A024814AD60011F409 /* XCRemoteSwiftPackageReference "HMV" */ = {
			isa = XCRemoteSwiftPackageReference;
			repositoryURL = "https://github.com/hepto/HMV";
			requirement = {
				branch = master;
				kind = branch;
			};
		};
/* End XCRemoteSwiftPackageReference section */

/* Begin XCSwiftPackageProductDependency section */
		D249259D248145C20011F409 /* KingfisherSwiftUI */ = {
			isa = XCSwiftPackageProductDependency;
			package = D249259C248145C20011F409 /* XCRemoteSwiftPackageReference "Kingfisher" */;
			productName = KingfisherSwiftUI;
		};
		D24925A124814AD60011F409 /* HMV */ = {
			isa = XCSwiftPackageProductDependency;
			package = D24925A024814AD60011F409 /* XCRemoteSwiftPackageReference "HMV" */;
			productName = HMV;
		};
/* End XCSwiftPackageProductDependency section */
	};
	rootObject = D22155702481114A00A1F04A /* Project object */;
}
