// !$*UTF8*$!
{
	archiveVersion = 1;
	classes = {
	};
	objectVersion = 52;
	objects = {

/* Begin PBXBuildFile section */
		D20968912460106300496674 /* Options.swift in Sources */ = {isa = PBXBuildFile; fileRef = D20968902460106300496674 /* Options.swift */; };
		D22666132462F5940031C9A8 /* DiscTrackList.swift in Sources */ = {isa = PBXBuildFile; fileRef = D22666122462F5940031C9A8 /* DiscTrackList.swift */; };
		D22C4522243DD8B00001481D /* AppDelegate.swift in Sources */ = {isa = PBXBuildFile; fileRef = D22C4521243DD8B00001481D /* AppDelegate.swift */; };
		D22C4524243DD8B00001481D /* SceneDelegate.swift in Sources */ = {isa = PBXBuildFile; fileRef = D22C4523243DD8B00001481D /* SceneDelegate.swift */; };
		D22C4528243DD8B10001481D /* Assets.xcassets in Resources */ = {isa = PBXBuildFile; fileRef = D22C4527243DD8B10001481D /* Assets.xcassets */; };
		D22C452B243DD8B10001481D /* Preview Assets.xcassets in Resources */ = {isa = PBXBuildFile; fileRef = D22C452A243DD8B10001481D /* Preview Assets.xcassets */; };
		D22C452E243DD8B10001481D /* LaunchScreen.storyboard in Resources */ = {isa = PBXBuildFile; fileRef = D22C452C243DD8B10001481D /* LaunchScreen.storyboard */; };
		D22C4539243DD8B10001481D /* JewelTests.swift in Sources */ = {isa = PBXBuildFile; fileRef = D22C4538243DD8B10001481D /* JewelTests.swift */; };
		D22C4544243DD8B20001481D /* JewelUITests.swift in Sources */ = {isa = PBXBuildFile; fileRef = D22C4543243DD8B20001481D /* JewelUITests.swift */; };
		D22C4552243DDE490001481D /* Home.swift in Sources */ = {isa = PBXBuildFile; fileRef = D22C4551243DDE490001481D /* Home.swift */; };
		D22C4556243DE6F00001481D /* AlbumCard.swift in Sources */ = {isa = PBXBuildFile; fileRef = D22C4555243DE6F00001481D /* AlbumCard.swift */; };
		D230CC562460CC2C00FD811F /* Footer.swift in Sources */ = {isa = PBXBuildFile; fileRef = D230CC552460CC2C00FD811F /* Footer.swift */; };
		D2409C6D24697002000969B2 /* fa-brands.otf in Resources */ = {isa = PBXBuildFile; fileRef = D2409C6C24697002000969B2 /* fa-brands.otf */; };
		D2501E102454272E006A6E2D /* KingfisherSwiftUI in Frameworks */ = {isa = PBXBuildFile; productRef = D2501E0F2454272E006A6E2D /* KingfisherSwiftUI */; };
		D26077BF24605D59005883ED /* SlotDetail.swift in Sources */ = {isa = PBXBuildFile; fileRef = D26077BE24605D59005883ED /* SlotDetail.swift */; };
		D26B5622243E80450098E9E4 /* AlbumDetailCompact.swift in Sources */ = {isa = PBXBuildFile; fileRef = D26B5621243E80450098E9E4 /* AlbumDetailCompact.swift */; };
		D26B5624243E8DB00098E9E4 /* PlaybackLink.swift in Sources */ = {isa = PBXBuildFile; fileRef = D26B5623243E8DB00098E9E4 /* PlaybackLink.swift */; };
		D27371C324571828005CC5EF /* JewelError.swift in Sources */ = {isa = PBXBuildFile; fileRef = D27371C224571828005CC5EF /* JewelError.swift */; };
		D28358832451D3C700411AC9 /* Search.swift in Sources */ = {isa = PBXBuildFile; fileRef = D28358822451D3C700411AC9 /* Search.swift */; };
		D28358872452D3CF00411AC9 /* SearchResultsList.swift in Sources */ = {isa = PBXBuildFile; fileRef = D28358862452D3CF00411AC9 /* SearchResultsList.swift */; };
		D2937DC92466D3A700C252EE /* UserData+Screenshots.swift in Sources */ = {isa = PBXBuildFile; fileRef = D2937DC82466D3A700C252EE /* UserData+Screenshots.swift */; };
		D2937DCC2466D96E00C252EE /* screenshotCollectionAlbums.json in Resources */ = {isa = PBXBuildFile; fileRef = D2937DCB2466D96E00C252EE /* screenshotCollectionAlbums.json */; };
		D2937DCE2466EC7900C252EE /* SearchProvider+Screenshots.swift in Sources */ = {isa = PBXBuildFile; fileRef = D2937DCD2466EC7900C252EE /* SearchProvider+Screenshots.swift */; };
		D2937DD02466ED7B00C252EE /* screenshotSearchAlbums.json in Resources */ = {isa = PBXBuildFile; fileRef = D2937DCF2466ED7B00C252EE /* screenshotSearchAlbums.json */; };
		D29C76002459662F005BE357 /* SearchBar.swift in Sources */ = {isa = PBXBuildFile; fileRef = D29C75FF2459662F005BE357 /* SearchBar.swift */; };
		D29C760224598F06005BE357 /* SearchProvider.swift in Sources */ = {isa = PBXBuildFile; fileRef = D29C760124598F06005BE357 /* SearchProvider.swift */; };
		D29D8C9E2464039600153D90 /* AlbumCover.swift in Sources */ = {isa = PBXBuildFile; fileRef = D29D8C9D2464039600153D90 /* AlbumCover.swift */; };
		D2A31B05246308B800D6BF4A /* Start.swift in Sources */ = {isa = PBXBuildFile; fileRef = D2A31B04246308B800D6BF4A /* Start.swift */; };
		D2A31B0924631F5100D6BF4A /* AlbumDetailRegular.swift in Sources */ = {isa = PBXBuildFile; fileRef = D2A31B0824631F5100D6BF4A /* AlbumDetailRegular.swift */; };
		D2A55CCD246838390007CD1F /* LinkProvider.swift in Sources */ = {isa = PBXBuildFile; fileRef = D2A55CCC246838390007CD1F /* LinkProvider.swift */; };
		D2A55CCF246839980007CD1F /* OdesliResponse.swift in Sources */ = {isa = PBXBuildFile; fileRef = D2A55CCE246839980007CD1F /* OdesliResponse.swift */; };
		D2A55CD1246843E00007CD1F /* odesli.json in Resources */ = {isa = PBXBuildFile; fileRef = D2A55CD0246843E00007CD1F /* odesli.json */; };
		D2BD46572469895500AD3F30 /* JewelPreferences.swift in Sources */ = {isa = PBXBuildFile; fileRef = D2BD46562469895500AD3F30 /* JewelPreferences.swift */; };
		D2D40B4F245738220018E066 /* AlbumTrackList.swift in Sources */ = {isa = PBXBuildFile; fileRef = D2D40B4E245738220018E066 /* AlbumTrackList.swift */; };
		D2D5875E244E391200E982E8 /* UserData.swift in Sources */ = {isa = PBXBuildFile; fileRef = D2D5875D244E391200E982E8 /* UserData.swift */; };
		D2E690F62450E36800B981F2 /* Slot.swift in Sources */ = {isa = PBXBuildFile; fileRef = D2E690F52450E36800B981F2 /* Slot.swift */; };
		D2E690F82450E98E00B981F2 /* IfLet.swift in Sources */ = {isa = PBXBuildFile; fileRef = D2E690F72450E98E00B981F2 /* IfLet.swift */; };
		D2E690FA2450ECBB00B981F2 /* EmptySlot.swift in Sources */ = {isa = PBXBuildFile; fileRef = D2E690F92450ECBB00B981F2 /* EmptySlot.swift */; };
		D2E690FC2450EF9A00B981F2 /* FilledSlot.swift in Sources */ = {isa = PBXBuildFile; fileRef = D2E690FB2450EF9A00B981F2 /* FilledSlot.swift */; };
		D2FE407824504F2700623280 /* HMV in Frameworks */ = {isa = PBXBuildFile; productRef = D2FE407724504F2700623280 /* HMV */; };
/* End PBXBuildFile section */

/* Begin PBXContainerItemProxy section */
		D22C4535243DD8B10001481D /* PBXContainerItemProxy */ = {
			isa = PBXContainerItemProxy;
			containerPortal = D22C4516243DD8B00001481D /* Project object */;
			proxyType = 1;
			remoteGlobalIDString = D22C451D243DD8B00001481D;
			remoteInfo = Jewel;
		};
		D22C4540243DD8B20001481D /* PBXContainerItemProxy */ = {
			isa = PBXContainerItemProxy;
			containerPortal = D22C4516243DD8B00001481D /* Project object */;
			proxyType = 1;
			remoteGlobalIDString = D22C451D243DD8B00001481D;
			remoteInfo = Jewel;
		};
/* End PBXContainerItemProxy section */

/* Begin PBXFileReference section */
		D20968902460106300496674 /* Options.swift */ = {isa = PBXFileReference; lastKnownFileType = sourcecode.swift; path = Options.swift; sourceTree = "<group>"; };
		D22666122462F5940031C9A8 /* DiscTrackList.swift */ = {isa = PBXFileReference; lastKnownFileType = sourcecode.swift; path = DiscTrackList.swift; sourceTree = "<group>"; };
		D22C451E243DD8B00001481D /* Jewel.app */ = {isa = PBXFileReference; explicitFileType = wrapper.application; includeInIndex = 0; path = Jewel.app; sourceTree = BUILT_PRODUCTS_DIR; };
		D22C4521243DD8B00001481D /* AppDelegate.swift */ = {isa = PBXFileReference; lastKnownFileType = sourcecode.swift; path = AppDelegate.swift; sourceTree = "<group>"; };
		D22C4523243DD8B00001481D /* SceneDelegate.swift */ = {isa = PBXFileReference; lastKnownFileType = sourcecode.swift; path = SceneDelegate.swift; sourceTree = "<group>"; };
		D22C4527243DD8B10001481D /* Assets.xcassets */ = {isa = PBXFileReference; lastKnownFileType = folder.assetcatalog; path = Assets.xcassets; sourceTree = "<group>"; };
		D22C452A243DD8B10001481D /* Preview Assets.xcassets */ = {isa = PBXFileReference; lastKnownFileType = folder.assetcatalog; path = "Preview Assets.xcassets"; sourceTree = "<group>"; };
		D22C452D243DD8B10001481D /* Base */ = {isa = PBXFileReference; lastKnownFileType = file.storyboard; name = Base; path = Base.lproj/LaunchScreen.storyboard; sourceTree = "<group>"; };
		D22C452F243DD8B10001481D /* Info.plist */ = {isa = PBXFileReference; lastKnownFileType = text.plist.xml; path = Info.plist; sourceTree = "<group>"; };
		D22C4534243DD8B10001481D /* JewelTests.xctest */ = {isa = PBXFileReference; explicitFileType = wrapper.cfbundle; includeInIndex = 0; path = JewelTests.xctest; sourceTree = BUILT_PRODUCTS_DIR; };
		D22C4538243DD8B10001481D /* JewelTests.swift */ = {isa = PBXFileReference; lastKnownFileType = sourcecode.swift; path = JewelTests.swift; sourceTree = "<group>"; };
		D22C453A243DD8B10001481D /* Info.plist */ = {isa = PBXFileReference; lastKnownFileType = text.plist.xml; path = Info.plist; sourceTree = "<group>"; };
		D22C453F243DD8B20001481D /* JewelUITests.xctest */ = {isa = PBXFileReference; explicitFileType = wrapper.cfbundle; includeInIndex = 0; path = JewelUITests.xctest; sourceTree = BUILT_PRODUCTS_DIR; };
		D22C4543243DD8B20001481D /* JewelUITests.swift */ = {isa = PBXFileReference; lastKnownFileType = sourcecode.swift; path = JewelUITests.swift; sourceTree = "<group>"; };
		D22C4545243DD8B20001481D /* Info.plist */ = {isa = PBXFileReference; lastKnownFileType = text.plist.xml; path = Info.plist; sourceTree = "<group>"; };
		D22C4551243DDE490001481D /* Home.swift */ = {isa = PBXFileReference; lastKnownFileType = sourcecode.swift; path = Home.swift; sourceTree = "<group>"; };
		D22C4555243DE6F00001481D /* AlbumCard.swift */ = {isa = PBXFileReference; lastKnownFileType = sourcecode.swift; path = AlbumCard.swift; sourceTree = "<group>"; };
		D230CC552460CC2C00FD811F /* Footer.swift */ = {isa = PBXFileReference; lastKnownFileType = sourcecode.swift; path = Footer.swift; sourceTree = "<group>"; };
		D2409C6C24697002000969B2 /* fa-brands.otf */ = {isa = PBXFileReference; lastKnownFileType = file; path = "fa-brands.otf"; sourceTree = "<group>"; };
		D26077BE24605D59005883ED /* SlotDetail.swift */ = {isa = PBXFileReference; lastKnownFileType = sourcecode.swift; path = SlotDetail.swift; sourceTree = "<group>"; };
		D26B5621243E80450098E9E4 /* AlbumDetailCompact.swift */ = {isa = PBXFileReference; lastKnownFileType = sourcecode.swift; path = AlbumDetailCompact.swift; sourceTree = "<group>"; };
		D26B5623243E8DB00098E9E4 /* PlaybackLink.swift */ = {isa = PBXFileReference; lastKnownFileType = sourcecode.swift; path = PlaybackLink.swift; sourceTree = "<group>"; };
		D27371C224571828005CC5EF /* JewelError.swift */ = {isa = PBXFileReference; lastKnownFileType = sourcecode.swift; path = JewelError.swift; sourceTree = "<group>"; };
		D28358822451D3C700411AC9 /* Search.swift */ = {isa = PBXFileReference; lastKnownFileType = sourcecode.swift; path = Search.swift; sourceTree = "<group>"; };
		D28358862452D3CF00411AC9 /* SearchResultsList.swift */ = {isa = PBXFileReference; lastKnownFileType = sourcecode.swift; path = SearchResultsList.swift; sourceTree = "<group>"; };
		D28AF841244F46A700AD6614 /* debug.xcconfig */ = {isa = PBXFileReference; lastKnownFileType = text.xcconfig; path = debug.xcconfig; sourceTree = "<group>"; };
		D28AF842244F46D700AD6614 /* release.xcconfig */ = {isa = PBXFileReference; lastKnownFileType = text.xcconfig; path = release.xcconfig; sourceTree = "<group>"; };
		D2937DC82466D3A700C252EE /* UserData+Screenshots.swift */ = {isa = PBXFileReference; lastKnownFileType = sourcecode.swift; path = "UserData+Screenshots.swift"; sourceTree = "<group>"; };
		D2937DCB2466D96E00C252EE /* screenshotCollectionAlbums.json */ = {isa = PBXFileReference; lastKnownFileType = text.json; path = screenshotCollectionAlbums.json; sourceTree = "<group>"; };
		D2937DCD2466EC7900C252EE /* SearchProvider+Screenshots.swift */ = {isa = PBXFileReference; lastKnownFileType = sourcecode.swift; path = "SearchProvider+Screenshots.swift"; sourceTree = "<group>"; };
		D2937DCF2466ED7B00C252EE /* screenshotSearchAlbums.json */ = {isa = PBXFileReference; lastKnownFileType = text.json; path = screenshotSearchAlbums.json; sourceTree = "<group>"; };
		D29C75FF2459662F005BE357 /* SearchBar.swift */ = {isa = PBXFileReference; lastKnownFileType = sourcecode.swift; path = SearchBar.swift; sourceTree = "<group>"; };
		D29C760124598F06005BE357 /* SearchProvider.swift */ = {isa = PBXFileReference; lastKnownFileType = sourcecode.swift; path = SearchProvider.swift; sourceTree = "<group>"; };
		D29D8C9D2464039600153D90 /* AlbumCover.swift */ = {isa = PBXFileReference; lastKnownFileType = sourcecode.swift; path = AlbumCover.swift; sourceTree = "<group>"; };
		D2A31B04246308B800D6BF4A /* Start.swift */ = {isa = PBXFileReference; lastKnownFileType = sourcecode.swift; path = Start.swift; sourceTree = "<group>"; };
		D2A31B0824631F5100D6BF4A /* AlbumDetailRegular.swift */ = {isa = PBXFileReference; lastKnownFileType = sourcecode.swift; path = AlbumDetailRegular.swift; sourceTree = "<group>"; };
		D2A55CCC246838390007CD1F /* LinkProvider.swift */ = {isa = PBXFileReference; lastKnownFileType = sourcecode.swift; path = LinkProvider.swift; sourceTree = "<group>"; };
		D2A55CCE246839980007CD1F /* OdesliResponse.swift */ = {isa = PBXFileReference; lastKnownFileType = sourcecode.swift; path = OdesliResponse.swift; sourceTree = "<group>"; };
		D2A55CD0246843E00007CD1F /* odesli.json */ = {isa = PBXFileReference; lastKnownFileType = text.json; path = odesli.json; sourceTree = "<group>"; };
		D2BD46562469895500AD3F30 /* JewelPreferences.swift */ = {isa = PBXFileReference; lastKnownFileType = sourcecode.swift; path = JewelPreferences.swift; sourceTree = "<group>"; };
		D2D40B4E245738220018E066 /* AlbumTrackList.swift */ = {isa = PBXFileReference; fileEncoding = 4; lastKnownFileType = sourcecode.swift; path = AlbumTrackList.swift; sourceTree = "<group>"; };
		D2D5875D244E391200E982E8 /* UserData.swift */ = {isa = PBXFileReference; lastKnownFileType = sourcecode.swift; path = UserData.swift; sourceTree = "<group>"; };
		D2E690F52450E36800B981F2 /* Slot.swift */ = {isa = PBXFileReference; lastKnownFileType = sourcecode.swift; path = Slot.swift; sourceTree = "<group>"; };
		D2E690F72450E98E00B981F2 /* IfLet.swift */ = {isa = PBXFileReference; lastKnownFileType = sourcecode.swift; path = IfLet.swift; sourceTree = "<group>"; };
		D2E690F92450ECBB00B981F2 /* EmptySlot.swift */ = {isa = PBXFileReference; lastKnownFileType = sourcecode.swift; path = EmptySlot.swift; sourceTree = "<group>"; };
		D2E690FB2450EF9A00B981F2 /* FilledSlot.swift */ = {isa = PBXFileReference; lastKnownFileType = sourcecode.swift; path = FilledSlot.swift; sourceTree = "<group>"; };
		D2EAB323245192F000AC9CC3 /* Jewel.entitlements */ = {isa = PBXFileReference; lastKnownFileType = text.plist.entitlements; path = Jewel.entitlements; sourceTree = "<group>"; };
		D2FE406F244FAA4500623280 /* apple-music-api-token.xcconfig */ = {isa = PBXFileReference; lastKnownFileType = text.xcconfig; path = "apple-music-api-token.xcconfig"; sourceTree = "<group>"; };
/* End PBXFileReference section */

/* Begin PBXFrameworksBuildPhase section */
		D22C451B243DD8B00001481D /* Frameworks */ = {
			isa = PBXFrameworksBuildPhase;
			buildActionMask = 2147483647;
			files = (
				D2501E102454272E006A6E2D /* KingfisherSwiftUI in Frameworks */,
				D2FE407824504F2700623280 /* HMV in Frameworks */,
			);
			runOnlyForDeploymentPostprocessing = 0;
		};
		D22C4531243DD8B10001481D /* Frameworks */ = {
			isa = PBXFrameworksBuildPhase;
			buildActionMask = 2147483647;
			files = (
			);
			runOnlyForDeploymentPostprocessing = 0;
		};
		D22C453C243DD8B20001481D /* Frameworks */ = {
			isa = PBXFrameworksBuildPhase;
			buildActionMask = 2147483647;
			files = (
			);
			runOnlyForDeploymentPostprocessing = 0;
		};
/* End PBXFrameworksBuildPhase section */

/* Begin PBXGroup section */
		D22C4515243DD8B00001481D = {
			isa = PBXGroup;
			children = (
				D22C4520243DD8B00001481D /* Jewel */,
				D22C4537243DD8B10001481D /* JewelTests */,
				D22C4542243DD8B20001481D /* JewelUITests */,
				D28AF843244F46EC00AD6614 /* BuildConfigs */,
				D22C451F243DD8B00001481D /* Products */,
			);
			sourceTree = "<group>";
		};
		D22C451F243DD8B00001481D /* Products */ = {
			isa = PBXGroup;
			children = (
				D22C451E243DD8B00001481D /* Jewel.app */,
				D22C4534243DD8B10001481D /* JewelTests.xctest */,
				D22C453F243DD8B20001481D /* JewelUITests.xctest */,
			);
			name = Products;
			sourceTree = "<group>";
		};
		D22C4520243DD8B00001481D /* Jewel */ = {
			isa = PBXGroup;
			children = (
				D2EAB323245192F000AC9CC3 /* Jewel.entitlements */,
				D22C4521243DD8B00001481D /* AppDelegate.swift */,
				D22C4523243DD8B00001481D /* SceneDelegate.swift */,
				D27371C224571828005CC5EF /* JewelError.swift */,
				D2B1E6322448635D004D474F /* Models */,
				D22C4559243DFDD60001481D /* Views */,
				D2FD3B752458D874008A071F /* Helpers */,
				D22C4527243DD8B10001481D /* Assets.xcassets */,
				D2409C6924696F05000969B2 /* Fonts */,
				D22C452C243DD8B10001481D /* LaunchScreen.storyboard */,
				D22C452F243DD8B10001481D /* Info.plist */,
				D22C4529243DD8B10001481D /* Preview Content */,
			);
			path = Jewel;
			sourceTree = "<group>";
		};
		D22C4529243DD8B10001481D /* Preview Content */ = {
			isa = PBXGroup;
			children = (
				D22C452A243DD8B10001481D /* Preview Assets.xcassets */,
			);
			path = "Preview Content";
			sourceTree = "<group>";
		};
		D22C4537243DD8B10001481D /* JewelTests */ = {
			isa = PBXGroup;
			children = (
				D22C4538243DD8B10001481D /* JewelTests.swift */,
				D22C453A243DD8B10001481D /* Info.plist */,
			);
			path = JewelTests;
			sourceTree = "<group>";
		};
		D22C4542243DD8B20001481D /* JewelUITests */ = {
			isa = PBXGroup;
			children = (
				D22C4543243DD8B20001481D /* JewelUITests.swift */,
				D22C4545243DD8B20001481D /* Info.plist */,
			);
			path = JewelUITests;
			sourceTree = "<group>";
		};
		D22C4559243DFDD60001481D /* Views */ = {
			isa = PBXGroup;
			children = (
				D22C4551243DDE490001481D /* Home.swift */,
				D2A31B04246308B800D6BF4A /* Start.swift */,
				D2E690F92450ECBB00B981F2 /* EmptySlot.swift */,
				D2E690FB2450EF9A00B981F2 /* FilledSlot.swift */,
				D26077BE24605D59005883ED /* SlotDetail.swift */,
				D26B5621243E80450098E9E4 /* AlbumDetailCompact.swift */,
				D2A31B0824631F5100D6BF4A /* AlbumDetailRegular.swift */,
				D26077C224606711005883ED /* Search */,
				D26077C1246066EB005883ED /* Options */,
				D26077C02460668D005883ED /* Components */,
			);
			path = Views;
			sourceTree = "<group>";
		};
		D2409C6924696F05000969B2 /* Fonts */ = {
			isa = PBXGroup;
			children = (
				D2409C6C24697002000969B2 /* fa-brands.otf */,
			);
			path = Fonts;
			sourceTree = "<group>";
		};
		D26077C02460668D005883ED /* Components */ = {
			isa = PBXGroup;
			children = (
				D2E690F72450E98E00B981F2 /* IfLet.swift */,
				D22C4555243DE6F00001481D /* AlbumCard.swift */,
				D29D8C9D2464039600153D90 /* AlbumCover.swift */,
				D26B5623243E8DB00098E9E4 /* PlaybackLink.swift */,
				D2D40B4E245738220018E066 /* AlbumTrackList.swift */,
				D22666122462F5940031C9A8 /* DiscTrackList.swift */,
			);
			path = Components;
			sourceTree = "<group>";
		};
		D26077C1246066EB005883ED /* Options */ = {
			isa = PBXGroup;
			children = (
				D20968902460106300496674 /* Options.swift */,
				D230CC552460CC2C00FD811F /* Footer.swift */,
			);
			path = Options;
			sourceTree = "<group>";
		};
		D26077C224606711005883ED /* Search */ = {
			isa = PBXGroup;
			children = (
				D28358822451D3C700411AC9 /* Search.swift */,
				D29C75FF2459662F005BE357 /* SearchBar.swift */,
				D28358862452D3CF00411AC9 /* SearchResultsList.swift */,
			);
			path = Search;
			sourceTree = "<group>";
		};
		D28AF843244F46EC00AD6614 /* BuildConfigs */ = {
			isa = PBXGroup;
			children = (
				D28AF841244F46A700AD6614 /* debug.xcconfig */,
				D28AF842244F46D700AD6614 /* release.xcconfig */,
				D2FE406F244FAA4500623280 /* apple-music-api-token.xcconfig */,
			);
			path = BuildConfigs;
			sourceTree = "<group>";
		};
		D2937DCA2466D94800C252EE /* Screenshots */ = {
			isa = PBXGroup;
			children = (
				D2937DC82466D3A700C252EE /* UserData+Screenshots.swift */,
				D2937DCD2466EC7900C252EE /* SearchProvider+Screenshots.swift */,
				D2937DCB2466D96E00C252EE /* screenshotCollectionAlbums.json */,
				D2937DCF2466ED7B00C252EE /* screenshotSearchAlbums.json */,
			);
			path = Screenshots;
			sourceTree = "<group>";
		};
		D2B1E6322448635D004D474F /* Models */ = {
			isa = PBXGroup;
			children = (
				D2D5875D244E391200E982E8 /* UserData.swift */,
				D2BD46562469895500AD3F30 /* JewelPreferences.swift */,
				D2E690F52450E36800B981F2 /* Slot.swift */,
				D2A55CCE246839980007CD1F /* OdesliResponse.swift */,
			);
			path = Models;
			sourceTree = "<group>";
		};
		D2FD3B752458D874008A071F /* Helpers */ = {
			isa = PBXGroup;
			children = (
				D2937DCA2466D94800C252EE /* Screenshots */,
				D29C760124598F06005BE357 /* SearchProvider.swift */,
				D2A55CCC246838390007CD1F /* LinkProvider.swift */,
				D2A55CD0246843E00007CD1F /* odesli.json */,
			);
			path = Helpers;
			sourceTree = "<group>";
		};
/* End PBXGroup section */

/* Begin PBXNativeTarget section */
		D22C451D243DD8B00001481D /* Jewel */ = {
			isa = PBXNativeTarget;
			buildConfigurationList = D22C4548243DD8B20001481D /* Build configuration list for PBXNativeTarget "Jewel" */;
			buildPhases = (
				D22C451A243DD8B00001481D /* Sources */,
				D22C451B243DD8B00001481D /* Frameworks */,
				D22C451C243DD8B00001481D /* Resources */,
			);
			buildRules = (
			);
			dependencies = (
			);
			name = Jewel;
			packageProductDependencies = (
				D2FE407724504F2700623280 /* HMV */,
				D2501E0F2454272E006A6E2D /* KingfisherSwiftUI */,
			);
			productName = Jewel;
			productReference = D22C451E243DD8B00001481D /* Jewel.app */;
			productType = "com.apple.product-type.application";
		};
		D22C4533243DD8B10001481D /* JewelTests */ = {
			isa = PBXNativeTarget;
			buildConfigurationList = D22C454B243DD8B20001481D /* Build configuration list for PBXNativeTarget "JewelTests" */;
			buildPhases = (
				D22C4530243DD8B10001481D /* Sources */,
				D22C4531243DD8B10001481D /* Frameworks */,
				D22C4532243DD8B10001481D /* Resources */,
			);
			buildRules = (
			);
			dependencies = (
				D22C4536243DD8B10001481D /* PBXTargetDependency */,
			);
			name = JewelTests;
			productName = JewelTests;
			productReference = D22C4534243DD8B10001481D /* JewelTests.xctest */;
			productType = "com.apple.product-type.bundle.unit-test";
		};
		D22C453E243DD8B20001481D /* JewelUITests */ = {
			isa = PBXNativeTarget;
			buildConfigurationList = D22C454E243DD8B20001481D /* Build configuration list for PBXNativeTarget "JewelUITests" */;
			buildPhases = (
				D22C453B243DD8B20001481D /* Sources */,
				D22C453C243DD8B20001481D /* Frameworks */,
				D22C453D243DD8B20001481D /* Resources */,
			);
			buildRules = (
			);
			dependencies = (
				D22C4541243DD8B20001481D /* PBXTargetDependency */,
			);
			name = JewelUITests;
			productName = JewelUITests;
			productReference = D22C453F243DD8B20001481D /* JewelUITests.xctest */;
			productType = "com.apple.product-type.bundle.ui-testing";
		};
/* End PBXNativeTarget section */

/* Begin PBXProject section */
		D22C4516243DD8B00001481D /* Project object */ = {
			isa = PBXProject;
			attributes = {
				LastSwiftUpdateCheck = 1140;
				LastUpgradeCheck = 1140;
				ORGANIZATIONNAME = "Breakbeat Ltd.";
				TargetAttributes = {
					D22C451D243DD8B00001481D = {
						CreatedOnToolsVersion = 11.4;
					};
					D22C4533243DD8B10001481D = {
						CreatedOnToolsVersion = 11.4;
						TestTargetID = D22C451D243DD8B00001481D;
					};
					D22C453E243DD8B20001481D = {
						CreatedOnToolsVersion = 11.4;
						TestTargetID = D22C451D243DD8B00001481D;
					};
				};
			};
			buildConfigurationList = D22C4519243DD8B00001481D /* Build configuration list for PBXProject "Jewel" */;
			compatibilityVersion = "Xcode 9.3";
			developmentRegion = en;
			hasScannedForEncodings = 0;
			knownRegions = (
				en,
				Base,
			);
			mainGroup = D22C4515243DD8B00001481D;
			packageReferences = (
				D2FE407324504E2200623280 /* XCRemoteSwiftPackageReference "HMV" */,
				D2501E0E2454272E006A6E2D /* XCRemoteSwiftPackageReference "Kingfisher" */,
			);
			productRefGroup = D22C451F243DD8B00001481D /* Products */;
			projectDirPath = "";
			projectRoot = "";
			targets = (
				D22C451D243DD8B00001481D /* Jewel */,
				D22C4533243DD8B10001481D /* JewelTests */,
				D22C453E243DD8B20001481D /* JewelUITests */,
			);
		};
/* End PBXProject section */

/* Begin PBXResourcesBuildPhase section */
		D22C451C243DD8B00001481D /* Resources */ = {
			isa = PBXResourcesBuildPhase;
			buildActionMask = 2147483647;
			files = (
				D22C452E243DD8B10001481D /* LaunchScreen.storyboard in Resources */,
				D22C452B243DD8B10001481D /* Preview Assets.xcassets in Resources */,
				D22C4528243DD8B10001481D /* Assets.xcassets in Resources */,
				D2409C6D24697002000969B2 /* fa-brands.otf in Resources */,
				D2937DCC2466D96E00C252EE /* screenshotCollectionAlbums.json in Resources */,
				D2937DD02466ED7B00C252EE /* screenshotSearchAlbums.json in Resources */,
				D2A55CD1246843E00007CD1F /* odesli.json in Resources */,
			);
			runOnlyForDeploymentPostprocessing = 0;
		};
		D22C4532243DD8B10001481D /* Resources */ = {
			isa = PBXResourcesBuildPhase;
			buildActionMask = 2147483647;
			files = (
			);
			runOnlyForDeploymentPostprocessing = 0;
		};
		D22C453D243DD8B20001481D /* Resources */ = {
			isa = PBXResourcesBuildPhase;
			buildActionMask = 2147483647;
			files = (
			);
			runOnlyForDeploymentPostprocessing = 0;
		};
/* End PBXResourcesBuildPhase section */

/* Begin PBXSourcesBuildPhase section */
		D22C451A243DD8B00001481D /* Sources */ = {
			isa = PBXSourcesBuildPhase;
			buildActionMask = 2147483647;
			files = (
				D2BD46572469895500AD3F30 /* JewelPreferences.swift in Sources */,
				D2A31B0924631F5100D6BF4A /* AlbumDetailRegular.swift in Sources */,
				D28358872452D3CF00411AC9 /* SearchResultsList.swift in Sources */,
				D28358832451D3C700411AC9 /* Search.swift in Sources */,
				D2E690F82450E98E00B981F2 /* IfLet.swift in Sources */,
				D20968912460106300496674 /* Options.swift in Sources */,
				D2937DC92466D3A700C252EE /* UserData+Screenshots.swift in Sources */,
				D27371C324571828005CC5EF /* JewelError.swift in Sources */,
				D2E690FC2450EF9A00B981F2 /* FilledSlot.swift in Sources */,
				D22C4522243DD8B00001481D /* AppDelegate.swift in Sources */,
				D2E690F62450E36800B981F2 /* Slot.swift in Sources */,
				D26B5624243E8DB00098E9E4 /* PlaybackLink.swift in Sources */,
				D26B5622243E80450098E9E4 /* AlbumDetailCompact.swift in Sources */,
				D2937DCE2466EC7900C252EE /* SearchProvider+Screenshots.swift in Sources */,
				D29D8C9E2464039600153D90 /* AlbumCover.swift in Sources */,
				D2A55CCF246839980007CD1F /* OdesliResponse.swift in Sources */,
				D2E690FA2450ECBB00B981F2 /* EmptySlot.swift in Sources */,
				D2A55CCD246838390007CD1F /* LinkProvider.swift in Sources */,
				D22C4552243DDE490001481D /* Home.swift in Sources */,
				D2A31B05246308B800D6BF4A /* Start.swift in Sources */,
				D22666132462F5940031C9A8 /* DiscTrackList.swift in Sources */,
				D2D40B4F245738220018E066 /* AlbumTrackList.swift in Sources */,
				D2D5875E244E391200E982E8 /* UserData.swift in Sources */,
				D29C76002459662F005BE357 /* SearchBar.swift in Sources */,
				D29C760224598F06005BE357 /* SearchProvider.swift in Sources */,
				D22C4524243DD8B00001481D /* SceneDelegate.swift in Sources */,
				D26077BF24605D59005883ED /* SlotDetail.swift in Sources */,
				D230CC562460CC2C00FD811F /* Footer.swift in Sources */,
				D22C4556243DE6F00001481D /* AlbumCard.swift in Sources */,
			);
			runOnlyForDeploymentPostprocessing = 0;
		};
		D22C4530243DD8B10001481D /* Sources */ = {
			isa = PBXSourcesBuildPhase;
			buildActionMask = 2147483647;
			files = (
				D22C4539243DD8B10001481D /* JewelTests.swift in Sources */,
			);
			runOnlyForDeploymentPostprocessing = 0;
		};
		D22C453B243DD8B20001481D /* Sources */ = {
			isa = PBXSourcesBuildPhase;
			buildActionMask = 2147483647;
			files = (
				D22C4544243DD8B20001481D /* JewelUITests.swift in Sources */,
			);
			runOnlyForDeploymentPostprocessing = 0;
		};
/* End PBXSourcesBuildPhase section */

/* Begin PBXTargetDependency section */
		D22C4536243DD8B10001481D /* PBXTargetDependency */ = {
			isa = PBXTargetDependency;
			target = D22C451D243DD8B00001481D /* Jewel */;
			targetProxy = D22C4535243DD8B10001481D /* PBXContainerItemProxy */;
		};
		D22C4541243DD8B20001481D /* PBXTargetDependency */ = {
			isa = PBXTargetDependency;
			target = D22C451D243DD8B00001481D /* Jewel */;
			targetProxy = D22C4540243DD8B20001481D /* PBXContainerItemProxy */;
		};
/* End PBXTargetDependency section */

/* Begin PBXVariantGroup section */
		D22C452C243DD8B10001481D /* LaunchScreen.storyboard */ = {
			isa = PBXVariantGroup;
			children = (
				D22C452D243DD8B10001481D /* Base */,
			);
			name = LaunchScreen.storyboard;
			sourceTree = "<group>";
		};
/* End PBXVariantGroup section */

/* Begin XCBuildConfiguration section */
		D22C4546243DD8B20001481D /* Debug */ = {
			isa = XCBuildConfiguration;
			baseConfigurationReference = D28AF841244F46A700AD6614 /* debug.xcconfig */;
			buildSettings = {
				ALWAYS_SEARCH_USER_PATHS = NO;
				CLANG_ANALYZER_NONNULL = YES;
				CLANG_ANALYZER_NUMBER_OBJECT_CONVERSION = YES_AGGRESSIVE;
				CLANG_CXX_LANGUAGE_STANDARD = "gnu++14";
				CLANG_CXX_LIBRARY = "libc++";
				CLANG_ENABLE_MODULES = YES;
				CLANG_ENABLE_OBJC_ARC = YES;
				CLANG_ENABLE_OBJC_WEAK = YES;
				CLANG_WARN_BLOCK_CAPTURE_AUTORELEASING = YES;
				CLANG_WARN_BOOL_CONVERSION = YES;
				CLANG_WARN_COMMA = YES;
				CLANG_WARN_CONSTANT_CONVERSION = YES;
				CLANG_WARN_DEPRECATED_OBJC_IMPLEMENTATIONS = YES;
				CLANG_WARN_DIRECT_OBJC_ISA_USAGE = YES_ERROR;
				CLANG_WARN_DOCUMENTATION_COMMENTS = YES;
				CLANG_WARN_EMPTY_BODY = YES;
				CLANG_WARN_ENUM_CONVERSION = YES;
				CLANG_WARN_INFINITE_RECURSION = YES;
				CLANG_WARN_INT_CONVERSION = YES;
				CLANG_WARN_NON_LITERAL_NULL_CONVERSION = YES;
				CLANG_WARN_OBJC_IMPLICIT_RETAIN_SELF = YES;
				CLANG_WARN_OBJC_LITERAL_CONVERSION = YES;
				CLANG_WARN_OBJC_ROOT_CLASS = YES_ERROR;
				CLANG_WARN_RANGE_LOOP_ANALYSIS = YES;
				CLANG_WARN_STRICT_PROTOTYPES = YES;
				CLANG_WARN_SUSPICIOUS_MOVE = YES;
				CLANG_WARN_UNGUARDED_AVAILABILITY = YES_AGGRESSIVE;
				CLANG_WARN_UNREACHABLE_CODE = YES;
				CLANG_WARN__DUPLICATE_METHOD_MATCH = YES;
				COPY_PHASE_STRIP = NO;
				DEBUG_INFORMATION_FORMAT = dwarf;
				ENABLE_STRICT_OBJC_MSGSEND = YES;
				ENABLE_TESTABILITY = YES;
				GCC_C_LANGUAGE_STANDARD = gnu11;
				GCC_DYNAMIC_NO_PIC = NO;
				GCC_NO_COMMON_BLOCKS = YES;
				GCC_OPTIMIZATION_LEVEL = 0;
				GCC_PREPROCESSOR_DEFINITIONS = (
					"DEBUG=1",
					"$(inherited)",
				);
				GCC_WARN_64_TO_32_BIT_CONVERSION = YES;
				GCC_WARN_ABOUT_RETURN_TYPE = YES_ERROR;
				GCC_WARN_UNDECLARED_SELECTOR = YES;
				GCC_WARN_UNINITIALIZED_AUTOS = YES_AGGRESSIVE;
				GCC_WARN_UNUSED_FUNCTION = YES;
				GCC_WARN_UNUSED_VARIABLE = YES;
				IPHONEOS_DEPLOYMENT_TARGET = 13.0;
				MTL_ENABLE_DEBUG_INFO = INCLUDE_SOURCE;
				MTL_FAST_MATH = YES;
				ONLY_ACTIVE_ARCH = YES;
				SDKROOT = iphoneos;
				SWIFT_ACTIVE_COMPILATION_CONDITIONS = DEBUG;
				SWIFT_OPTIMIZATION_LEVEL = "-Onone";
			};
			name = Debug;
		};
		D22C4547243DD8B20001481D /* Release */ = {
			isa = XCBuildConfiguration;
			baseConfigurationReference = D28AF842244F46D700AD6614 /* release.xcconfig */;
			buildSettings = {
				ALWAYS_SEARCH_USER_PATHS = NO;
				CLANG_ANALYZER_NONNULL = YES;
				CLANG_ANALYZER_NUMBER_OBJECT_CONVERSION = YES_AGGRESSIVE;
				CLANG_CXX_LANGUAGE_STANDARD = "gnu++14";
				CLANG_CXX_LIBRARY = "libc++";
				CLANG_ENABLE_MODULES = YES;
				CLANG_ENABLE_OBJC_ARC = YES;
				CLANG_ENABLE_OBJC_WEAK = YES;
				CLANG_WARN_BLOCK_CAPTURE_AUTORELEASING = YES;
				CLANG_WARN_BOOL_CONVERSION = YES;
				CLANG_WARN_COMMA = YES;
				CLANG_WARN_CONSTANT_CONVERSION = YES;
				CLANG_WARN_DEPRECATED_OBJC_IMPLEMENTATIONS = YES;
				CLANG_WARN_DIRECT_OBJC_ISA_USAGE = YES_ERROR;
				CLANG_WARN_DOCUMENTATION_COMMENTS = YES;
				CLANG_WARN_EMPTY_BODY = YES;
				CLANG_WARN_ENUM_CONVERSION = YES;
				CLANG_WARN_INFINITE_RECURSION = YES;
				CLANG_WARN_INT_CONVERSION = YES;
				CLANG_WARN_NON_LITERAL_NULL_CONVERSION = YES;
				CLANG_WARN_OBJC_IMPLICIT_RETAIN_SELF = YES;
				CLANG_WARN_OBJC_LITERAL_CONVERSION = YES;
				CLANG_WARN_OBJC_ROOT_CLASS = YES_ERROR;
				CLANG_WARN_RANGE_LOOP_ANALYSIS = YES;
				CLANG_WARN_STRICT_PROTOTYPES = YES;
				CLANG_WARN_SUSPICIOUS_MOVE = YES;
				CLANG_WARN_UNGUARDED_AVAILABILITY = YES_AGGRESSIVE;
				CLANG_WARN_UNREACHABLE_CODE = YES;
				CLANG_WARN__DUPLICATE_METHOD_MATCH = YES;
				COPY_PHASE_STRIP = NO;
				DEBUG_INFORMATION_FORMAT = "dwarf-with-dsym";
				ENABLE_NS_ASSERTIONS = NO;
				ENABLE_STRICT_OBJC_MSGSEND = YES;
				GCC_C_LANGUAGE_STANDARD = gnu11;
				GCC_NO_COMMON_BLOCKS = YES;
				GCC_WARN_64_TO_32_BIT_CONVERSION = YES;
				GCC_WARN_ABOUT_RETURN_TYPE = YES_ERROR;
				GCC_WARN_UNDECLARED_SELECTOR = YES;
				GCC_WARN_UNINITIALIZED_AUTOS = YES_AGGRESSIVE;
				GCC_WARN_UNUSED_FUNCTION = YES;
				GCC_WARN_UNUSED_VARIABLE = YES;
				IPHONEOS_DEPLOYMENT_TARGET = 13.0;
				MTL_ENABLE_DEBUG_INFO = NO;
				MTL_FAST_MATH = YES;
				SDKROOT = iphoneos;
				SWIFT_COMPILATION_MODE = wholemodule;
				SWIFT_OPTIMIZATION_LEVEL = "-O";
				VALIDATE_PRODUCT = YES;
			};
			name = Release;
		};
		D22C4549243DD8B20001481D /* Debug */ = {
			isa = XCBuildConfiguration;
			buildSettings = {
				ASSETCATALOG_COMPILER_APPICON_NAME = AppIcon;
				CODE_SIGN_ENTITLEMENTS = Jewel/Jewel.entitlements;
				CODE_SIGN_STYLE = Automatic;
				CURRENT_PROJECT_VERSION = 9;
				DEVELOPMENT_ASSET_PATHS = "\"Jewel/Preview Content\"";
				DEVELOPMENT_TEAM = 3Z89R2M235;
				ENABLE_PREVIEWS = YES;
				INFOPLIST_FILE = Jewel/Info.plist;
				LD_RUNPATH_SEARCH_PATHS = (
					"$(inherited)",
					"@executable_path/Frameworks",
				);
				MARKETING_VERSION = 0.1;
				PRODUCT_BUNDLE_IDENTIFIER = io.breakbeat.Jewel;
				PRODUCT_NAME = "$(TARGET_NAME)";
				SUPPORTS_MACCATALYST = YES;
				SWIFT_VERSION = 5.0;
				TARGETED_DEVICE_FAMILY = "1,2";
			};
			name = Debug;
		};
		D22C454A243DD8B20001481D /* Release */ = {
			isa = XCBuildConfiguration;
			buildSettings = {
				ASSETCATALOG_COMPILER_APPICON_NAME = AppIcon;
				CODE_SIGN_ENTITLEMENTS = Jewel/Jewel.entitlements;
				CODE_SIGN_STYLE = Automatic;
				CURRENT_PROJECT_VERSION = 9;
				DEVELOPMENT_ASSET_PATHS = "\"Jewel/Preview Content\"";
				DEVELOPMENT_TEAM = 3Z89R2M235;
				ENABLE_PREVIEWS = YES;
				INFOPLIST_FILE = Jewel/Info.plist;
				LD_RUNPATH_SEARCH_PATHS = (
					"$(inherited)",
					"@executable_path/Frameworks",
				);
				MARKETING_VERSION = 0.1;
				PRODUCT_BUNDLE_IDENTIFIER = io.breakbeat.Jewel;
				PRODUCT_NAME = "$(TARGET_NAME)";
				SUPPORTS_MACCATALYST = YES;
				SWIFT_VERSION = 5.0;
				TARGETED_DEVICE_FAMILY = "1,2";
			};
			name = Release;
		};
		D22C454C243DD8B20001481D /* Debug */ = {
			isa = XCBuildConfiguration;
			buildSettings = {
				ALWAYS_EMBED_SWIFT_STANDARD_LIBRARIES = YES;
				BUNDLE_LOADER = "$(TEST_HOST)";
				CODE_SIGN_STYLE = Automatic;
				INFOPLIST_FILE = JewelTests/Info.plist;
				IPHONEOS_DEPLOYMENT_TARGET = 13.4;
				LD_RUNPATH_SEARCH_PATHS = (
					"$(inherited)",
					"@executable_path/Frameworks",
					"@loader_path/Frameworks",
				);
				PRODUCT_BUNDLE_IDENTIFIER = io.breakbeat.JewelTests;
				PRODUCT_NAME = "$(TARGET_NAME)";
				SWIFT_VERSION = 5.0;
				TARGETED_DEVICE_FAMILY = "1,2";
				TEST_HOST = "$(BUILT_PRODUCTS_DIR)/Jewel.app/Jewel";
			};
			name = Debug;
		};
		D22C454D243DD8B20001481D /* Release */ = {
			isa = XCBuildConfiguration;
			buildSettings = {
				ALWAYS_EMBED_SWIFT_STANDARD_LIBRARIES = YES;
				BUNDLE_LOADER = "$(TEST_HOST)";
				CODE_SIGN_STYLE = Automatic;
				INFOPLIST_FILE = JewelTests/Info.plist;
				IPHONEOS_DEPLOYMENT_TARGET = 13.4;
				LD_RUNPATH_SEARCH_PATHS = (
					"$(inherited)",
					"@executable_path/Frameworks",
					"@loader_path/Frameworks",
				);
				PRODUCT_BUNDLE_IDENTIFIER = io.breakbeat.JewelTests;
				PRODUCT_NAME = "$(TARGET_NAME)";
				SWIFT_VERSION = 5.0;
				TARGETED_DEVICE_FAMILY = "1,2";
				TEST_HOST = "$(BUILT_PRODUCTS_DIR)/Jewel.app/Jewel";
			};
			name = Release;
		};
		D22C454F243DD8B20001481D /* Debug */ = {
			isa = XCBuildConfiguration;
			buildSettings = {
				ALWAYS_EMBED_SWIFT_STANDARD_LIBRARIES = YES;
				CODE_SIGN_STYLE = Automatic;
				INFOPLIST_FILE = JewelUITests/Info.plist;
				LD_RUNPATH_SEARCH_PATHS = (
					"$(inherited)",
					"@executable_path/Frameworks",
					"@loader_path/Frameworks",
				);
				PRODUCT_BUNDLE_IDENTIFIER = io.breakbeat.JewelUITests;
				PRODUCT_NAME = "$(TARGET_NAME)";
				SWIFT_VERSION = 5.0;
				TARGETED_DEVICE_FAMILY = "1,2";
				TEST_TARGET_NAME = Jewel;
			};
			name = Debug;
		};
		D22C4550243DD8B20001481D /* Release */ = {
			isa = XCBuildConfiguration;
			buildSettings = {
				ALWAYS_EMBED_SWIFT_STANDARD_LIBRARIES = YES;
				CODE_SIGN_STYLE = Automatic;
				INFOPLIST_FILE = JewelUITests/Info.plist;
				LD_RUNPATH_SEARCH_PATHS = (
					"$(inherited)",
					"@executable_path/Frameworks",
					"@loader_path/Frameworks",
				);
				PRODUCT_BUNDLE_IDENTIFIER = io.breakbeat.JewelUITests;
				PRODUCT_NAME = "$(TARGET_NAME)";
				SWIFT_VERSION = 5.0;
				TARGETED_DEVICE_FAMILY = "1,2";
				TEST_TARGET_NAME = Jewel;
			};
			name = Release;
		};
/* End XCBuildConfiguration section */

/* Begin XCConfigurationList section */
		D22C4519243DD8B00001481D /* Build configuration list for PBXProject "Jewel" */ = {
			isa = XCConfigurationList;
			buildConfigurations = (
				D22C4546243DD8B20001481D /* Debug */,
				D22C4547243DD8B20001481D /* Release */,
			);
			defaultConfigurationIsVisible = 0;
			defaultConfigurationName = Release;
		};
		D22C4548243DD8B20001481D /* Build configuration list for PBXNativeTarget "Jewel" */ = {
			isa = XCConfigurationList;
			buildConfigurations = (
				D22C4549243DD8B20001481D /* Debug */,
				D22C454A243DD8B20001481D /* Release */,
			);
			defaultConfigurationIsVisible = 0;
			defaultConfigurationName = Release;
		};
		D22C454B243DD8B20001481D /* Build configuration list for PBXNativeTarget "JewelTests" */ = {
			isa = XCConfigurationList;
			buildConfigurations = (
				D22C454C243DD8B20001481D /* Debug */,
				D22C454D243DD8B20001481D /* Release */,
			);
			defaultConfigurationIsVisible = 0;
			defaultConfigurationName = Release;
		};
		D22C454E243DD8B20001481D /* Build configuration list for PBXNativeTarget "JewelUITests" */ = {
			isa = XCConfigurationList;
			buildConfigurations = (
				D22C454F243DD8B20001481D /* Debug */,
				D22C4550243DD8B20001481D /* Release */,
			);
			defaultConfigurationIsVisible = 0;
			defaultConfigurationName = Release;
		};
/* End XCConfigurationList section */

/* Begin XCRemoteSwiftPackageReference section */
		D2501E0E2454272E006A6E2D /* XCRemoteSwiftPackageReference "Kingfisher" */ = {
			isa = XCRemoteSwiftPackageReference;
			repositoryURL = "https://github.com/onevcat/Kingfisher";
			requirement = {
				kind = upToNextMajorVersion;
				minimumVersion = 5.13.4;
			};
		};
		D2FE407324504E2200623280 /* XCRemoteSwiftPackageReference "HMV" */ = {
			isa = XCRemoteSwiftPackageReference;
			repositoryURL = "https://github.com/hepto/HMV";
			requirement = {
				branch = master;
				kind = branch;
			};
		};
/* End XCRemoteSwiftPackageReference section */

/* Begin XCSwiftPackageProductDependency section */
		D2501E0F2454272E006A6E2D /* KingfisherSwiftUI */ = {
			isa = XCSwiftPackageProductDependency;
			package = D2501E0E2454272E006A6E2D /* XCRemoteSwiftPackageReference "Kingfisher" */;
			productName = KingfisherSwiftUI;
		};
		D2FE407724504F2700623280 /* HMV */ = {
			isa = XCSwiftPackageProductDependency;
			package = D2FE407324504E2200623280 /* XCRemoteSwiftPackageReference "HMV" */;
			productName = HMV;
		};
/* End XCSwiftPackageProductDependency section */
	};
	rootObject = D22C4516243DD8B00001481D /* Project object */;
}
