// !$*UTF8*$!
{
	archiveVersion = 1;
	classes = {
	};
	objectVersion = 52;
	objects = {

/* Begin PBXBuildFile section */
		D221557C2481114A00A1F04A /* AppDelegate.swift in Sources */ = {isa = PBXBuildFile; fileRef = D221557B2481114A00A1F04A /* AppDelegate.swift */; };
		D221557E2481114A00A1F04A /* SceneDelegate.swift in Sources */ = {isa = PBXBuildFile; fileRef = D221557D2481114A00A1F04A /* SceneDelegate.swift */; };
		D22155822481114B00A1F04A /* Assets.xcassets in Resources */ = {isa = PBXBuildFile; fileRef = D22155812481114B00A1F04A /* Assets.xcassets */; };
		D22155852481114B00A1F04A /* Preview Assets.xcassets in Resources */ = {isa = PBXBuildFile; fileRef = D22155842481114B00A1F04A /* Preview Assets.xcassets */; };
		D22155882481114B00A1F04A /* LaunchScreen.storyboard in Resources */ = {isa = PBXBuildFile; fileRef = D22155862481114B00A1F04A /* LaunchScreen.storyboard */; };
		D22574A02482A71C004E83E1 /* AlbumDetail.swift in Sources */ = {isa = PBXBuildFile; fileRef = D225749F2482A71C004E83E1 /* AlbumDetail.swift */; };
		D22574A22482A7F2004E83E1 /* AlbumCover.swift in Sources */ = {isa = PBXBuildFile; fileRef = D22574A12482A7F2004E83E1 /* AlbumCover.swift */; };
		D22574A42482A882004E83E1 /* PlaybackLink.swift in Sources */ = {isa = PBXBuildFile; fileRef = D22574A32482A882004E83E1 /* PlaybackLink.swift */; };
		D22574A62482A938004E83E1 /* TrackList.swift in Sources */ = {isa = PBXBuildFile; fileRef = D22574A52482A938004E83E1 /* TrackList.swift */; };
		D22574A82482AA4C004E83E1 /* DiscTrackList.swift in Sources */ = {isa = PBXBuildFile; fileRef = D22574A72482AA4C004E83E1 /* DiscTrackList.swift */; };
		D2492587248117710011F409 /* AppState.swift in Sources */ = {isa = PBXBuildFile; fileRef = D2492586248117710011F409 /* AppState.swift */; };
		D249258B2481189F0011F409 /* AlbumCard.swift in Sources */ = {isa = PBXBuildFile; fileRef = D249258A2481189F0011F409 /* AlbumCard.swift */; };
		D249258F24811A650011F409 /* Search.swift in Sources */ = {isa = PBXBuildFile; fileRef = D249258E24811A650011F409 /* Search.swift */; };
		D2492597248142660011F409 /* SearchBar.swift in Sources */ = {isa = PBXBuildFile; fileRef = D2492596248142660011F409 /* SearchBar.swift */; };
		D2492599248143720011F409 /* SearchResults.swift in Sources */ = {isa = PBXBuildFile; fileRef = D2492598248143720011F409 /* SearchResults.swift */; };
		D249259B2481455A0011F409 /* IfLet.swift in Sources */ = {isa = PBXBuildFile; fileRef = D249259A2481455A0011F409 /* IfLet.swift */; };
		D249259E248145C20011F409 /* KingfisherSwiftUI in Frameworks */ = {isa = PBXBuildFile; productRef = D249259D248145C20011F409 /* KingfisherSwiftUI */; };
		D24925A224814AD60011F409 /* HMV in Frameworks */ = {isa = PBXBuildFile; productRef = D24925A124814AD60011F409 /* HMV */; };
		D24925A424814CB60011F409 /* RecordStore.swift in Sources */ = {isa = PBXBuildFile; fileRef = D24925A324814CB60011F409 /* RecordStore.swift */; };
		D2AB8467248113EB008B57F9 /* AppActions.swift in Sources */ = {isa = PBXBuildFile; fileRef = D2AB8466248113EB008B57F9 /* AppActions.swift */; };
		D2AB84692481148D008B57F9 /* AppAction.swift in Sources */ = {isa = PBXBuildFile; fileRef = D2AB84682481148D008B57F9 /* AppAction.swift */; };
		D2AB846B2481159D008B57F9 /* AppStore.swift in Sources */ = {isa = PBXBuildFile; fileRef = D2AB846A2481159D008B57F9 /* AppStore.swift */; };
		D2AB846E248116A3008B57F9 /* Collection.swift in Sources */ = {isa = PBXBuildFile; fileRef = D2AB846D248116A3008B57F9 /* Collection.swift */; };
		D2AC120724859D5E00C52D9E /* CollectionNavigationBar.swift in Sources */ = {isa = PBXBuildFile; fileRef = D2AC120624859D5E00C52D9E /* CollectionNavigationBar.swift */; };
		D2AC120B24859E2300C52D9E /* EmptySlot.swift in Sources */ = {isa = PBXBuildFile; fileRef = D2AC120A24859E2300C52D9E /* EmptySlot.swift */; };
		D2AC12102485A65D00C52D9E /* CollectionState.swift in Sources */ = {isa = PBXBuildFile; fileRef = D2AC120F2485A65D00C52D9E /* CollectionState.swift */; };
		D2AC12122485A67000C52D9E /* SearchState.swift in Sources */ = {isa = PBXBuildFile; fileRef = D2AC12112485A67000C52D9E /* SearchState.swift */; };
		D2B4FD91248456B20028D7A4 /* Options.swift in Sources */ = {isa = PBXBuildFile; fileRef = D2B4FD90248456B20028D7A4 /* Options.swift */; };
		D2B4FD93248458000028D7A4 /* Footer.swift in Sources */ = {isa = PBXBuildFile; fileRef = D2B4FD92248458000028D7A4 /* Footer.swift */; };
		D2B4FD95248458300028D7A4 /* Bundle+BuildNumber.swift in Sources */ = {isa = PBXBuildFile; fileRef = D2B4FD94248458300028D7A4 /* Bundle+BuildNumber.swift */; };
/* End PBXBuildFile section */

/* Begin PBXFileReference section */
		D22155782481114A00A1F04A /* Listen Later.app */ = {isa = PBXFileReference; explicitFileType = wrapper.application; includeInIndex = 0; path = "Listen Later.app"; sourceTree = BUILT_PRODUCTS_DIR; };
		D221557B2481114A00A1F04A /* AppDelegate.swift */ = {isa = PBXFileReference; lastKnownFileType = sourcecode.swift; path = AppDelegate.swift; sourceTree = "<group>"; };
		D221557D2481114A00A1F04A /* SceneDelegate.swift */ = {isa = PBXFileReference; lastKnownFileType = sourcecode.swift; path = SceneDelegate.swift; sourceTree = "<group>"; };
		D22155812481114B00A1F04A /* Assets.xcassets */ = {isa = PBXFileReference; lastKnownFileType = folder.assetcatalog; path = Assets.xcassets; sourceTree = "<group>"; };
		D22155842481114B00A1F04A /* Preview Assets.xcassets */ = {isa = PBXFileReference; lastKnownFileType = folder.assetcatalog; path = "Preview Assets.xcassets"; sourceTree = "<group>"; };
		D22155872481114B00A1F04A /* Base */ = {isa = PBXFileReference; lastKnownFileType = file.storyboard; name = Base; path = Base.lproj/LaunchScreen.storyboard; sourceTree = "<group>"; };
		D22155892481114B00A1F04A /* Info.plist */ = {isa = PBXFileReference; lastKnownFileType = text.plist.xml; path = Info.plist; sourceTree = "<group>"; };
		D225749F2482A71C004E83E1 /* AlbumDetail.swift */ = {isa = PBXFileReference; lastKnownFileType = sourcecode.swift; path = AlbumDetail.swift; sourceTree = "<group>"; };
		D22574A12482A7F2004E83E1 /* AlbumCover.swift */ = {isa = PBXFileReference; lastKnownFileType = sourcecode.swift; path = AlbumCover.swift; sourceTree = "<group>"; };
		D22574A32482A882004E83E1 /* PlaybackLink.swift */ = {isa = PBXFileReference; lastKnownFileType = sourcecode.swift; path = PlaybackLink.swift; sourceTree = "<group>"; };
		D22574A52482A938004E83E1 /* TrackList.swift */ = {isa = PBXFileReference; lastKnownFileType = sourcecode.swift; path = TrackList.swift; sourceTree = "<group>"; };
		D22574A72482AA4C004E83E1 /* DiscTrackList.swift */ = {isa = PBXFileReference; lastKnownFileType = sourcecode.swift; path = DiscTrackList.swift; sourceTree = "<group>"; };
		D2492586248117710011F409 /* AppState.swift */ = {isa = PBXFileReference; fileEncoding = 4; lastKnownFileType = sourcecode.swift; path = AppState.swift; sourceTree = "<group>"; };
		D249258A2481189F0011F409 /* AlbumCard.swift */ = {isa = PBXFileReference; lastKnownFileType = sourcecode.swift; path = AlbumCard.swift; sourceTree = "<group>"; };
		D249258E24811A650011F409 /* Search.swift */ = {isa = PBXFileReference; lastKnownFileType = sourcecode.swift; path = Search.swift; sourceTree = "<group>"; };
		D2492596248142660011F409 /* SearchBar.swift */ = {isa = PBXFileReference; lastKnownFileType = sourcecode.swift; path = SearchBar.swift; sourceTree = "<group>"; };
		D2492598248143720011F409 /* SearchResults.swift */ = {isa = PBXFileReference; lastKnownFileType = sourcecode.swift; path = SearchResults.swift; sourceTree = "<group>"; };
		D249259A2481455A0011F409 /* IfLet.swift */ = {isa = PBXFileReference; lastKnownFileType = sourcecode.swift; path = IfLet.swift; sourceTree = "<group>"; };
		D24925A324814CB60011F409 /* RecordStore.swift */ = {isa = PBXFileReference; lastKnownFileType = sourcecode.swift; path = RecordStore.swift; sourceTree = "<group>"; };
		D2AB8466248113EB008B57F9 /* AppActions.swift */ = {isa = PBXFileReference; lastKnownFileType = sourcecode.swift; path = AppActions.swift; sourceTree = "<group>"; };
		D2AB84682481148D008B57F9 /* AppAction.swift */ = {isa = PBXFileReference; lastKnownFileType = sourcecode.swift; path = AppAction.swift; sourceTree = "<group>"; };
		D2AB846A2481159D008B57F9 /* AppStore.swift */ = {isa = PBXFileReference; lastKnownFileType = sourcecode.swift; path = AppStore.swift; sourceTree = "<group>"; };
		D2AB846D248116A3008B57F9 /* Collection.swift */ = {isa = PBXFileReference; lastKnownFileType = sourcecode.swift; path = Collection.swift; sourceTree = "<group>"; };
		D2AC120624859D5E00C52D9E /* CollectionNavigationBar.swift */ = {isa = PBXFileReference; lastKnownFileType = sourcecode.swift; path = CollectionNavigationBar.swift; sourceTree = "<group>"; };
		D2AC120A24859E2300C52D9E /* EmptySlot.swift */ = {isa = PBXFileReference; lastKnownFileType = sourcecode.swift; path = EmptySlot.swift; sourceTree = "<group>"; };
		D2AC120E2485A20400C52D9E /* secrets.xcconfig */ = {isa = PBXFileReference; lastKnownFileType = text.xcconfig; path = secrets.xcconfig; sourceTree = "<group>"; };
		D2AC120F2485A65D00C52D9E /* CollectionState.swift */ = {isa = PBXFileReference; lastKnownFileType = sourcecode.swift; path = CollectionState.swift; sourceTree = "<group>"; };
		D2AC12112485A67000C52D9E /* SearchState.swift */ = {isa = PBXFileReference; lastKnownFileType = sourcecode.swift; path = SearchState.swift; sourceTree = "<group>"; };
		D2B4FD90248456B20028D7A4 /* Options.swift */ = {isa = PBXFileReference; lastKnownFileType = sourcecode.swift; path = Options.swift; sourceTree = "<group>"; };
		D2B4FD92248458000028D7A4 /* Footer.swift */ = {isa = PBXFileReference; lastKnownFileType = sourcecode.swift; path = Footer.swift; sourceTree = "<group>"; };
		D2B4FD94248458300028D7A4 /* Bundle+BuildNumber.swift */ = {isa = PBXFileReference; lastKnownFileType = sourcecode.swift; path = "Bundle+BuildNumber.swift"; sourceTree = "<group>"; };
/* End PBXFileReference section */

/* Begin PBXFrameworksBuildPhase section */
		D22155752481114A00A1F04A /* Frameworks */ = {
			isa = PBXFrameworksBuildPhase;
			buildActionMask = 2147483647;
			files = (
				D24925A224814AD60011F409 /* HMV in Frameworks */,
				D249259E248145C20011F409 /* KingfisherSwiftUI in Frameworks */,
			);
			runOnlyForDeploymentPostprocessing = 0;
		};
/* End PBXFrameworksBuildPhase section */

/* Begin PBXGroup section */
		D221556F2481114A00A1F04A = {
			isa = PBXGroup;
			children = (
				D221557A2481114A00A1F04A /* Jewel */,
				D22155792481114A00A1F04A /* Products */,
			);
			sourceTree = "<group>";
		};
		D22155792481114A00A1F04A /* Products */ = {
			isa = PBXGroup;
			children = (
				D22155782481114A00A1F04A /* Listen Later.app */,
			);
			name = Products;
			sourceTree = "<group>";
		};
		D221557A2481114A00A1F04A /* Jewel */ = {
			isa = PBXGroup;
			children = (
				D2AC120424859D1C00C52D9E /* App */,
				D249259F248146350011F409 /* State */,
				D24925922481409D0011F409 /* Actions */,
				D2AB846C2481168C008B57F9 /* Views */,
				D2AC120D2485A1B700C52D9E /* Services */,
				D2AC120524859D3800C52D9E /* Util */,
				D22155812481114B00A1F04A /* Assets.xcassets */,
				D22155862481114B00A1F04A /* LaunchScreen.storyboard */,
				D22155832481114B00A1F04A /* Preview Content */,
			);
			path = Jewel;
			sourceTree = "<group>";
		};
		D22155832481114B00A1F04A /* Preview Content */ = {
			isa = PBXGroup;
			children = (
				D22155842481114B00A1F04A /* Preview Assets.xcassets */,
			);
			path = "Preview Content";
			sourceTree = "<group>";
		};
		D24925922481409D0011F409 /* Actions */ = {
			isa = PBXGroup;
			children = (
				D2AB84682481148D008B57F9 /* AppAction.swift */,
				D2AB8466248113EB008B57F9 /* AppActions.swift */,
			);
			path = Actions;
			sourceTree = "<group>";
		};
		D24925932481410F0011F409 /* Search */ = {
			isa = PBXGroup;
			children = (
				D249258E24811A650011F409 /* Search.swift */,
				D2492596248142660011F409 /* SearchBar.swift */,
				D2492598248143720011F409 /* SearchResults.swift */,
			);
			path = Search;
			sourceTree = "<group>";
		};
		D249259F248146350011F409 /* State */ = {
			isa = PBXGroup;
			children = (
				D2AB846A2481159D008B57F9 /* AppStore.swift */,
				D2492586248117710011F409 /* AppState.swift */,
				D2AC120F2485A65D00C52D9E /* CollectionState.swift */,
				D2AC12112485A67000C52D9E /* SearchState.swift */,
			);
			path = State;
			sourceTree = "<group>";
		};
		D2AB846C2481168C008B57F9 /* Views */ = {
			isa = PBXGroup;
			children = (
				D2AB846D248116A3008B57F9 /* Collection.swift */,
				D2AC120624859D5E00C52D9E /* CollectionNavigationBar.swift */,
				D2AC120A24859E2300C52D9E /* EmptySlot.swift */,
				D249258A2481189F0011F409 /* AlbumCard.swift */,
				D225749F2482A71C004E83E1 /* AlbumDetail.swift */,
				D22574A12482A7F2004E83E1 /* AlbumCover.swift */,
				D22574A32482A882004E83E1 /* PlaybackLink.swift */,
				D22574A52482A938004E83E1 /* TrackList.swift */,
				D22574A72482AA4C004E83E1 /* DiscTrackList.swift */,
				D2B4FD8F248456940028D7A4 /* Options */,
				D24925932481410F0011F409 /* Search */,
				D249259A2481455A0011F409 /* IfLet.swift */,
			);
			path = Views;
			sourceTree = "<group>";
		};
		D2AC120424859D1C00C52D9E /* App */ = {
			isa = PBXGroup;
			children = (
				D22155892481114B00A1F04A /* Info.plist */,
				D221557B2481114A00A1F04A /* AppDelegate.swift */,
				D221557D2481114A00A1F04A /* SceneDelegate.swift */,
				D2AC120E2485A20400C52D9E /* secrets.xcconfig */,
			);
			path = App;
			sourceTree = "<group>";
		};
		D2AC120524859D3800C52D9E /* Util */ = {
			isa = PBXGroup;
			children = (
				D2B4FD94248458300028D7A4 /* Bundle+BuildNumber.swift */,
			);
			path = Util;
			sourceTree = "<group>";
		};
		D2AC120D2485A1B700C52D9E /* Services */ = {
			isa = PBXGroup;
			children = (
				D24925A324814CB60011F409 /* RecordStore.swift */,
			);
			path = Services;
			sourceTree = "<group>";
		};
		D2B4FD8F248456940028D7A4 /* Options */ = {
			isa = PBXGroup;
			children = (
				D2B4FD90248456B20028D7A4 /* Options.swift */,
				D2B4FD92248458000028D7A4 /* Footer.swift */,
			);
			path = Options;
			sourceTree = "<group>";
		};
/* End PBXGroup section */

/* Begin PBXNativeTarget section */
		D22155772481114A00A1F04A /* Listen Later */ = {
			isa = PBXNativeTarget;
			buildConfigurationList = D221558C2481114B00A1F04A /* Build configuration list for PBXNativeTarget "Listen Later" */;
			buildPhases = (
				D22155742481114A00A1F04A /* Sources */,
				D22155752481114A00A1F04A /* Frameworks */,
				D22155762481114A00A1F04A /* Resources */,
			);
			buildRules = (
			);
			dependencies = (
			);
			name = "Listen Later";
			packageProductDependencies = (
				D249259D248145C20011F409 /* KingfisherSwiftUI */,
				D24925A124814AD60011F409 /* HMV */,
			);
			productName = Jewel;
			productReference = D22155782481114A00A1F04A /* Listen Later.app */;
			productType = "com.apple.product-type.application";
		};
/* End PBXNativeTarget section */

/* Begin PBXProject section */
		D22155702481114A00A1F04A /* Project object */ = {
			isa = PBXProject;
			attributes = {
				LastSwiftUpdateCheck = 1150;
				LastUpgradeCheck = 1150;
				ORGANIZATIONNAME = "Breakbeat Ltd.";
				TargetAttributes = {
					D22155772481114A00A1F04A = {
						CreatedOnToolsVersion = 11.5;
					};
				};
			};
			buildConfigurationList = D22155732481114A00A1F04A /* Build configuration list for PBXProject "Jewel" */;
			compatibilityVersion = "Xcode 9.3";
			developmentRegion = en;
			hasScannedForEncodings = 0;
			knownRegions = (
				en,
				Base,
			);
			mainGroup = D221556F2481114A00A1F04A;
			packageReferences = (
				D249259C248145C20011F409 /* XCRemoteSwiftPackageReference "Kingfisher" */,
				D24925A024814AD60011F409 /* XCRemoteSwiftPackageReference "HMV" */,
			);
			productRefGroup = D22155792481114A00A1F04A /* Products */;
			projectDirPath = "";
			projectRoot = "";
			targets = (
				D22155772481114A00A1F04A /* Listen Later */,
			);
		};
/* End PBXProject section */

/* Begin PBXResourcesBuildPhase section */
		D22155762481114A00A1F04A /* Resources */ = {
			isa = PBXResourcesBuildPhase;
			buildActionMask = 2147483647;
			files = (
				D22155882481114B00A1F04A /* LaunchScreen.storyboard in Resources */,
				D22155852481114B00A1F04A /* Preview Assets.xcassets in Resources */,
				D22155822481114B00A1F04A /* Assets.xcassets in Resources */,
			);
			runOnlyForDeploymentPostprocessing = 0;
		};
/* End PBXResourcesBuildPhase section */

/* Begin PBXSourcesBuildPhase section */
		D22155742481114A00A1F04A /* Sources */ = {
			isa = PBXSourcesBuildPhase;
			buildActionMask = 2147483647;
			files = (
				D22574A82482AA4C004E83E1 /* DiscTrackList.swift in Sources */,
				D2492597248142660011F409 /* SearchBar.swift in Sources */,
				D249259B2481455A0011F409 /* IfLet.swift in Sources */,
				D22574A42482A882004E83E1 /* PlaybackLink.swift in Sources */,
				D22574A22482A7F2004E83E1 /* AlbumCover.swift in Sources */,
				D2AC120724859D5E00C52D9E /* CollectionNavigationBar.swift in Sources */,
				D221557C2481114A00A1F04A /* AppDelegate.swift in Sources */,
				D2AC12122485A67000C52D9E /* SearchState.swift in Sources */,
				D2492587248117710011F409 /* AppState.swift in Sources */,
				D221557E2481114A00A1F04A /* SceneDelegate.swift in Sources */,
				D2492599248143720011F409 /* SearchResults.swift in Sources */,
				D249258F24811A650011F409 /* Search.swift in Sources */,
				D2AB846B2481159D008B57F9 /* AppStore.swift in Sources */,
				D2AB846E248116A3008B57F9 /* Collection.swift in Sources */,
				D2AC12102485A65D00C52D9E /* CollectionState.swift in Sources */,
				D2B4FD95248458300028D7A4 /* Bundle+BuildNumber.swift in Sources */,
				D249258B2481189F0011F409 /* AlbumCard.swift in Sources */,
				D2B4FD91248456B20028D7A4 /* Options.swift in Sources */,
				D2B4FD93248458000028D7A4 /* Footer.swift in Sources */,
				D22574A02482A71C004E83E1 /* AlbumDetail.swift in Sources */,
				D2AC120B24859E2300C52D9E /* EmptySlot.swift in Sources */,
				D2AB8467248113EB008B57F9 /* AppActions.swift in Sources */,
				D2AB84692481148D008B57F9 /* AppAction.swift in Sources */,
				D24925A424814CB60011F409 /* RecordStore.swift in Sources */,
				D22574A62482A938004E83E1 /* TrackList.swift in Sources */,
			);
			runOnlyForDeploymentPostprocessing = 0;
		};
/* End PBXSourcesBuildPhase section */

/* Begin PBXVariantGroup section */
		D22155862481114B00A1F04A /* LaunchScreen.storyboard */ = {
			isa = PBXVariantGroup;
			children = (
				D22155872481114B00A1F04A /* Base */,
			);
			name = LaunchScreen.storyboard;
			sourceTree = "<group>";
		};
/* End PBXVariantGroup section */

/* Begin XCBuildConfiguration section */
		D221558A2481114B00A1F04A /* Debug */ = {
			isa = XCBuildConfiguration;
			baseConfigurationReference = D2AC120E2485A20400C52D9E /* secrets.xcconfig */;
			buildSettings = {
				ALWAYS_SEARCH_USER_PATHS = NO;
				CLANG_ANALYZER_NONNULL = YES;
				CLANG_ANALYZER_NUMBER_OBJECT_CONVERSION = YES_AGGRESSIVE;
				CLANG_CXX_LANGUAGE_STANDARD = "gnu++14";
				CLANG_CXX_LIBRARY = "libc++";
				CLANG_ENABLE_MODULES = YES;
				CLANG_ENABLE_OBJC_ARC = YES;
				CLANG_ENABLE_OBJC_WEAK = YES;
				CLANG_WARN_BLOCK_CAPTURE_AUTORELEASING = YES;
				CLANG_WARN_BOOL_CONVERSION = YES;
				CLANG_WARN_COMMA = YES;
				CLANG_WARN_CONSTANT_CONVERSION = YES;
				CLANG_WARN_DEPRECATED_OBJC_IMPLEMENTATIONS = YES;
				CLANG_WARN_DIRECT_OBJC_ISA_USAGE = YES_ERROR;
				CLANG_WARN_DOCUMENTATION_COMMENTS = YES;
				CLANG_WARN_EMPTY_BODY = YES;
				CLANG_WARN_ENUM_CONVERSION = YES;
				CLANG_WARN_INFINITE_RECURSION = YES;
				CLANG_WARN_INT_CONVERSION = YES;
				CLANG_WARN_NON_LITERAL_NULL_CONVERSION = YES;
				CLANG_WARN_OBJC_IMPLICIT_RETAIN_SELF = YES;
				CLANG_WARN_OBJC_LITERAL_CONVERSION = YES;
				CLANG_WARN_OBJC_ROOT_CLASS = YES_ERROR;
				CLANG_WARN_RANGE_LOOP_ANALYSIS = YES;
				CLANG_WARN_STRICT_PROTOTYPES = YES;
				CLANG_WARN_SUSPICIOUS_MOVE = YES;
				CLANG_WARN_UNGUARDED_AVAILABILITY = YES_AGGRESSIVE;
				CLANG_WARN_UNREACHABLE_CODE = YES;
				CLANG_WARN__DUPLICATE_METHOD_MATCH = YES;
				COPY_PHASE_STRIP = NO;
				DEBUG_INFORMATION_FORMAT = dwarf;
				ENABLE_STRICT_OBJC_MSGSEND = YES;
				ENABLE_TESTABILITY = YES;
				GCC_C_LANGUAGE_STANDARD = gnu11;
				GCC_DYNAMIC_NO_PIC = NO;
				GCC_NO_COMMON_BLOCKS = YES;
				GCC_OPTIMIZATION_LEVEL = 0;
				GCC_PREPROCESSOR_DEFINITIONS = (
					"DEBUG=1",
					"$(inherited)",
				);
				GCC_WARN_64_TO_32_BIT_CONVERSION = YES;
				GCC_WARN_ABOUT_RETURN_TYPE = YES_ERROR;
				GCC_WARN_UNDECLARED_SELECTOR = YES;
				GCC_WARN_UNINITIALIZED_AUTOS = YES_AGGRESSIVE;
				GCC_WARN_UNUSED_FUNCTION = YES;
				GCC_WARN_UNUSED_VARIABLE = YES;
				IPHONEOS_DEPLOYMENT_TARGET = 13.5;
				MTL_ENABLE_DEBUG_INFO = INCLUDE_SOURCE;
				MTL_FAST_MATH = YES;
				ONLY_ACTIVE_ARCH = YES;
				SDKROOT = iphoneos;
				SWIFT_ACTIVE_COMPILATION_CONDITIONS = DEBUG;
				SWIFT_OPTIMIZATION_LEVEL = "-Onone";
			};
			name = Debug;
		};
		D221558B2481114B00A1F04A /* Release */ = {
			isa = XCBuildConfiguration;
			baseConfigurationReference = D2AC120E2485A20400C52D9E /* secrets.xcconfig */;
			buildSettings = {
				ALWAYS_SEARCH_USER_PATHS = NO;
				CLANG_ANALYZER_NONNULL = YES;
				CLANG_ANALYZER_NUMBER_OBJECT_CONVERSION = YES_AGGRESSIVE;
				CLANG_CXX_LANGUAGE_STANDARD = "gnu++14";
				CLANG_CXX_LIBRARY = "libc++";
				CLANG_ENABLE_MODULES = YES;
				CLANG_ENABLE_OBJC_ARC = YES;
				CLANG_ENABLE_OBJC_WEAK = YES;
				CLANG_WARN_BLOCK_CAPTURE_AUTORELEASING = YES;
				CLANG_WARN_BOOL_CONVERSION = YES;
				CLANG_WARN_COMMA = YES;
				CLANG_WARN_CONSTANT_CONVERSION = YES;
				CLANG_WARN_DEPRECATED_OBJC_IMPLEMENTATIONS = YES;
				CLANG_WARN_DIRECT_OBJC_ISA_USAGE = YES_ERROR;
				CLANG_WARN_DOCUMENTATION_COMMENTS = YES;
				CLANG_WARN_EMPTY_BODY = YES;
				CLANG_WARN_ENUM_CONVERSION = YES;
				CLANG_WARN_INFINITE_RECURSION = YES;
				CLANG_WARN_INT_CONVERSION = YES;
				CLANG_WARN_NON_LITERAL_NULL_CONVERSION = YES;
				CLANG_WARN_OBJC_IMPLICIT_RETAIN_SELF = YES;
				CLANG_WARN_OBJC_LITERAL_CONVERSION = YES;
				CLANG_WARN_OBJC_ROOT_CLASS = YES_ERROR;
				CLANG_WARN_RANGE_LOOP_ANALYSIS = YES;
				CLANG_WARN_STRICT_PROTOTYPES = YES;
				CLANG_WARN_SUSPICIOUS_MOVE = YES;
				CLANG_WARN_UNGUARDED_AVAILABILITY = YES_AGGRESSIVE;
				CLANG_WARN_UNREACHABLE_CODE = YES;
				CLANG_WARN__DUPLICATE_METHOD_MATCH = YES;
				COPY_PHASE_STRIP = NO;
				DEBUG_INFORMATION_FORMAT = "dwarf-with-dsym";
				ENABLE_NS_ASSERTIONS = NO;
				ENABLE_STRICT_OBJC_MSGSEND = YES;
				GCC_C_LANGUAGE_STANDARD = gnu11;
				GCC_NO_COMMON_BLOCKS = YES;
				GCC_WARN_64_TO_32_BIT_CONVERSION = YES;
				GCC_WARN_ABOUT_RETURN_TYPE = YES_ERROR;
				GCC_WARN_UNDECLARED_SELECTOR = YES;
				GCC_WARN_UNINITIALIZED_AUTOS = YES_AGGRESSIVE;
				GCC_WARN_UNUSED_FUNCTION = YES;
				GCC_WARN_UNUSED_VARIABLE = YES;
				IPHONEOS_DEPLOYMENT_TARGET = 13.5;
				MTL_ENABLE_DEBUG_INFO = NO;
				MTL_FAST_MATH = YES;
				SDKROOT = iphoneos;
				SWIFT_COMPILATION_MODE = wholemodule;
				SWIFT_OPTIMIZATION_LEVEL = "-O";
				VALIDATE_PRODUCT = YES;
			};
			name = Release;
		};
		D221558D2481114B00A1F04A /* Debug */ = {
			isa = XCBuildConfiguration;
			buildSettings = {
				ASSETCATALOG_COMPILER_APPICON_NAME = AppIcon;
				CODE_SIGN_STYLE = Automatic;
				DEVELOPMENT_ASSET_PATHS = "\"Jewel/Preview Content\"";
				DEVELOPMENT_TEAM = 3Z89R2M235;
				ENABLE_PREVIEWS = YES;
				INFOPLIST_FILE = Jewel/App/Info.plist;
				LD_RUNPATH_SEARCH_PATHS = (
					"$(inherited)",
					"@executable_path/Frameworks",
				);
				PRODUCT_BUNDLE_IDENTIFIER = io.breakbeat.Jewel;
				PRODUCT_NAME = "$(TARGET_NAME)";
				SWIFT_VERSION = 5.0;
				TARGETED_DEVICE_FAMILY = "1,2";
			};
			name = Debug;
		};
		D221558E2481114B00A1F04A /* Release */ = {
			isa = XCBuildConfiguration;
			buildSettings = {
				ASSETCATALOG_COMPILER_APPICON_NAME = AppIcon;
				CODE_SIGN_STYLE = Automatic;
				DEVELOPMENT_ASSET_PATHS = "\"Jewel/Preview Content\"";
				DEVELOPMENT_TEAM = 3Z89R2M235;
				ENABLE_PREVIEWS = YES;
				INFOPLIST_FILE = Jewel/App/Info.plist;
				LD_RUNPATH_SEARCH_PATHS = (
					"$(inherited)",
					"@executable_path/Frameworks",
				);
				PRODUCT_BUNDLE_IDENTIFIER = io.breakbeat.Jewel;
				PRODUCT_NAME = "$(TARGET_NAME)";
				SWIFT_VERSION = 5.0;
				TARGETED_DEVICE_FAMILY = "1,2";
			};
			name = Release;
		};
/* End XCBuildConfiguration section */

/* Begin XCConfigurationList section */
		D22155732481114A00A1F04A /* Build configuration list for PBXProject "Jewel" */ = {
			isa = XCConfigurationList;
			buildConfigurations = (
				D221558A2481114B00A1F04A /* Debug */,
				D221558B2481114B00A1F04A /* Release */,
			);
			defaultConfigurationIsVisible = 0;
			defaultConfigurationName = Release;
		};
		D221558C2481114B00A1F04A /* Build configuration list for PBXNativeTarget "Listen Later" */ = {
			isa = XCConfigurationList;
			buildConfigurations = (
				D221558D2481114B00A1F04A /* Debug */,
				D221558E2481114B00A1F04A /* Release */,
			);
			defaultConfigurationIsVisible = 0;
			defaultConfigurationName = Release;
		};
/* End XCConfigurationList section */

/* Begin XCRemoteSwiftPackageReference section */
		D249259C248145C20011F409 /* XCRemoteSwiftPackageReference "Kingfisher" */ = {
			isa = XCRemoteSwiftPackageReference;
			repositoryURL = "https://github.com/onevcat/Kingfisher";
			requirement = {
				kind = upToNextMajorVersion;
				minimumVersion = 5.14.0;
			};
		};
		D24925A024814AD60011F409 /* XCRemoteSwiftPackageReference "HMV" */ = {
			isa = XCRemoteSwiftPackageReference;
			repositoryURL = "https://github.com/hepto/HMV";
			requirement = {
				branch = master;
				kind = branch;
			};
		};
/* End XCRemoteSwiftPackageReference section */

/* Begin XCSwiftPackageProductDependency section */
		D249259D248145C20011F409 /* KingfisherSwiftUI */ = {
			isa = XCSwiftPackageProductDependency;
			package = D249259C248145C20011F409 /* XCRemoteSwiftPackageReference "Kingfisher" */;
			productName = KingfisherSwiftUI;
		};
		D24925A124814AD60011F409 /* HMV */ = {
			isa = XCSwiftPackageProductDependency;
			package = D24925A024814AD60011F409 /* XCRemoteSwiftPackageReference "HMV" */;
			productName = HMV;
		};
/* End XCSwiftPackageProductDependency section */
	};
	rootObject = D22155702481114A00A1F04A /* Project object */;
}
